// !$*UTF8*$!
{
	archiveVersion = 1;
	classes = {
	};
	objectVersion = 46;
	objects = {

/* Begin PBXBuildFile section */
		7ED621499AB0A47C38A4912E /* libPods-GHZxiangmuB.a in Frameworks */ = {isa = PBXBuildFile; fileRef = 9CA80B1A43D034F7E977A430 /* libPods-GHZxiangmuB.a */; };
		C21B32AF1D313FB000B30A8C /* UIBarButtonItem+GHZExtention.m in Sources */ = {isa = PBXBuildFile; fileRef = C21B32AE1D313FB000B30A8C /* UIBarButtonItem+GHZExtention.m */; };
		C243B5E31D30A8E300CFCDAE /* GHZConst.m in Sources */ = {isa = PBXBuildFile; fileRef = C243B5E21D30A8E300CFCDAE /* GHZConst.m */; };
		C243B6741D3118F100CFCDAE /* NSDate+GHZExtension.m in Sources */ = {isa = PBXBuildFile; fileRef = C243B6731D3118F100CFCDAE /* NSDate+GHZExtension.m */; };
		C25238401D365D7F0046B246 /* GHZNewMusicController.m in Sources */ = {isa = PBXBuildFile; fileRef = C252383E1D365D7F0046B246 /* GHZNewMusicController.m */; settings = {ASSET_TAGS = (); }; };
		C25238411D365D7F0046B246 /* GHZNewMusicController.xib in Resources */ = {isa = PBXBuildFile; fileRef = C252383F1D365D7F0046B246 /* GHZNewMusicController.xib */; settings = {ASSET_TAGS = (); }; };
		C252395D1D3663350046B246 /* WMPlayer.bundle in Resources */ = {isa = PBXBuildFile; fileRef = C252395A1D3663350046B246 /* WMPlayer.bundle */; settings = {ASSET_TAGS = (); }; };
		C252395E1D3663350046B246 /* WMPlayer.m in Sources */ = {isa = PBXBuildFile; fileRef = C252395C1D3663350046B246 /* WMPlayer.m */; settings = {ASSET_TAGS = (); }; };
		C25239611D3665720046B246 /* NSString+GHZTime.m in Sources */ = {isa = PBXBuildFile; fileRef = C25239601D3665720046B246 /* NSString+GHZTime.m */; settings = {ASSET_TAGS = (); }; };
		C2681EE91D332A83002FA23F /* GHZTopicViewController.m in Sources */ = {isa = PBXBuildFile; fileRef = C2681EE81D332A83002FA23F /* GHZTopicViewController.m */; };
		C26821B71D34BCCA005EAF3D /* GHZTopicController.m in Sources */ = {isa = PBXBuildFile; fileRef = C26821B61D34BCCA005EAF3D /* GHZTopicController.m */; };
		C26821BC1D352A86005EAF3D /* GHZTopicPictureView.m in Sources */ = {isa = PBXBuildFile; fileRef = C26821BB1D352A86005EAF3D /* GHZTopicPictureView.m */; };
		C26821BE1D352AF6005EAF3D /* GHZTopicPictureView.xib in Resources */ = {isa = PBXBuildFile; fileRef = C26821BD1D352AF6005EAF3D /* GHZTopicPictureView.xib */; };
		C2C8600F1D34D9C400A59EEF /* GHZNewMusicView.m in Sources */ = {isa = PBXBuildFile; fileRef = C2C8600E1D34D9C400A59EEF /* GHZNewMusicView.m */; settings = {ASSET_TAGS = (); }; };
		C2C860111D34DA0F00A59EEF /* GHZNewMusicView.xib in Resources */ = {isa = PBXBuildFile; fileRef = C2C860101D34DA0F00A59EEF /* GHZNewMusicView.xib */; settings = {ASSET_TAGS = (); }; };
		C2C860141D35104200A59EEF /* GHZNewVideoView.m in Sources */ = {isa = PBXBuildFile; fileRef = C2C860131D35104200A59EEF /* GHZNewVideoView.m */; settings = {ASSET_TAGS = (); }; };
		C2C860161D35106A00A59EEF /* GHZNewVideoView.xib in Resources */ = {isa = PBXBuildFile; fileRef = C2C860151D35106A00A59EEF /* GHZNewVideoView.xib */; settings = {ASSET_TAGS = (); }; };
		C2E5E1621D33CDC600409261 /* GHZShowpirtureController.m in Sources */ = {isa = PBXBuildFile; fileRef = C2E5E1601D33CDC600409261 /* GHZShowpirtureController.m */; };
		C2E5E1631D33CDC600409261 /* GHZShowpirtureController.xib in Resources */ = {isa = PBXBuildFile; fileRef = C2E5E1611D33CDC600409261 /* GHZShowpirtureController.xib */; };
		D628E8381D33478300624AEE /* VideoToolbox.framework in Frameworks */ = {isa = PBXBuildFile; fileRef = D6C49CCD1D311CE00045731C /* VideoToolbox.framework */; };
		D628E83B1D334A8E00624AEE /* GHZH264Encoder.m in Sources */ = {isa = PBXBuildFile; fileRef = D628E83A1D334A8E00624AEE /* GHZH264Encoder.m */; };
		D628E8411D334B6D00624AEE /* GHZBeautifulFace.m in Sources */ = {isa = PBXBuildFile; fileRef = D628E8401D334B6D00624AEE /* GHZBeautifulFace.m */; };
		D628E8441D33509C00624AEE /* GHZShowLivingView.m in Sources */ = {isa = PBXBuildFile; fileRef = D628E8431D33509C00624AEE /* GHZShowLivingView.m */; };
		D628E8461D3350A700624AEE /* GHZShowLivingView.xib in Resources */ = {isa = PBXBuildFile; fileRef = D628E8451D3350A700624AEE /* GHZShowLivingView.xib */; };
		D628E8761D33A0F700624AEE /* GHZShowEndView.m in Sources */ = {isa = PBXBuildFile; fileRef = D628E8751D33A0F700624AEE /* GHZShowEndView.m */; };
		D628E8781D33A10600624AEE /* GHZShowEndView.xib in Resources */ = {isa = PBXBuildFile; fileRef = D628E8771D33A10600624AEE /* GHZShowEndView.xib */; };
		D628EBCC1D33D64C00624AEE /* GHZChatHomeViewController.m in Sources */ = {isa = PBXBuildFile; fileRef = D628EBCA1D33D64C00624AEE /* GHZChatHomeViewController.m */; };
		D628EBCD1D33D64C00624AEE /* GHZLoginViewController.xib in Resources */ = {isa = PBXBuildFile; fileRef = D628EBCB1D33D64C00624AEE /* GHZLoginViewController.xib */; };
		D628EBD81D33E50A00624AEE /* GHZLoginViewController.m in Sources */ = {isa = PBXBuildFile; fileRef = D628EBD71D33E50A00624AEE /* GHZLoginViewController.m */; };
		D628EBDC1D33E52300624AEE /* GHZRegistViewController.m in Sources */ = {isa = PBXBuildFile; fileRef = D628EBDA1D33E52300624AEE /* GHZRegistViewController.m */; };
		D628EBDD1D33E52300624AEE /* GHZRegistViewController.xib in Resources */ = {isa = PBXBuildFile; fileRef = D628EBDB1D33E52300624AEE /* GHZRegistViewController.xib */; };
		D628EBE01D33E81100624AEE /* GHZSeletedChatView.m in Sources */ = {isa = PBXBuildFile; fileRef = D628EBDF1D33E81100624AEE /* GHZSeletedChatView.m */; };
		D630073F1D2E67FE005A88B9 /* GHZTabBarViewController.m in Sources */ = {isa = PBXBuildFile; fileRef = D63007251D2E67FE005A88B9 /* GHZTabBarViewController.m */; };
		D63007401D2E67FE005A88B9 /* GHZViewController.m in Sources */ = {isa = PBXBuildFile; fileRef = D63007271D2E67FE005A88B9 /* GHZViewController.m */; };
		D63007451D2E67FE005A88B9 /* CoreLaunchLite.m in Sources */ = {isa = PBXBuildFile; fileRef = D630073D1D2E67FE005A88B9 /* CoreLaunchLite.m */; };
		D63007791D2E6DFF005A88B9 /* GHZCreamViewController.m in Sources */ = {isa = PBXBuildFile; fileRef = D63007601D2E6DFF005A88B9 /* GHZCreamViewController.m */; };
		D630077A1D2E6DFF005A88B9 /* GHZLeftViewController.m in Sources */ = {isa = PBXBuildFile; fileRef = D63007661D2E6DFF005A88B9 /* GHZLeftViewController.m */; };
		D630077B1D2E6DFF005A88B9 /* Text1ViewController.m in Sources */ = {isa = PBXBuildFile; fileRef = D630076C1D2E6DFF005A88B9 /* Text1ViewController.m */; };
		D630077C1D2E6DFF005A88B9 /* Text2ViewController.m in Sources */ = {isa = PBXBuildFile; fileRef = D630076E1D2E6DFF005A88B9 /* Text2ViewController.m */; };
		D630077F1D2E6E45005A88B9 /* GHZNewViewController.m in Sources */ = {isa = PBXBuildFile; fileRef = D630077E1D2E6E45005A88B9 /* GHZNewViewController.m */; };
		D630079F1D2E9178005A88B9 /* GHZSelectedView.m in Sources */ = {isa = PBXBuildFile; fileRef = D63007951D2E9178005A88B9 /* GHZSelectedView.m */; };
		D63007A21D2E9397005A88B9 /* UIView+Extension.m in Sources */ = {isa = PBXBuildFile; fileRef = D63007A11D2E9397005A88B9 /* UIView+Extension.m */; };
		D63007A51D2E9540005A88B9 /* GHZCareViewController.m in Sources */ = {isa = PBXBuildFile; fileRef = D63007A41D2E9540005A88B9 /* GHZCareViewController.m */; };
		D63007A81D2E954C005A88B9 /* GHZHotViewController.m in Sources */ = {isa = PBXBuildFile; fileRef = D63007A71D2E954C005A88B9 /* GHZHotViewController.m */; };
		D63007B11D2EA2C1005A88B9 /* GHZLiveNewViewController.m in Sources */ = {isa = PBXBuildFile; fileRef = D63007B01D2EA2C1005A88B9 /* GHZLiveNewViewController.m */; };
		D63007B51D2EA7F3005A88B9 /* GHZNewTableViewCell.m in Sources */ = {isa = PBXBuildFile; fileRef = D63007B31D2EA7F3005A88B9 /* GHZNewTableViewCell.m */; };
		D63007B61D2EA7F3005A88B9 /* GHZNewTableViewCell.xib in Resources */ = {isa = PBXBuildFile; fileRef = D63007B41D2EA7F3005A88B9 /* GHZNewTableViewCell.xib */; };
		D637B6041D3485A300B8FA18 /* GHZTopicModel.m in Sources */ = {isa = PBXBuildFile; fileRef = D637B6031D3485A300B8FA18 /* GHZTopicModel.m */; };
		D637B60B1D3485E000B8FA18 /* GHZNewWordCell.m in Sources */ = {isa = PBXBuildFile; fileRef = D637B6061D3485E000B8FA18 /* GHZNewWordCell.m */; };
		D637B60C1D3485E000B8FA18 /* GHZNewWordCell.xib in Resources */ = {isa = PBXBuildFile; fileRef = D637B6071D3485E000B8FA18 /* GHZNewWordCell.xib */; };
		D637B60D1D3485E000B8FA18 /* GHZNewPictureView.m in Sources */ = {isa = PBXBuildFile; fileRef = D637B6091D3485E000B8FA18 /* GHZNewPictureView.m */; };
		D637B60E1D3485E000B8FA18 /* GHZNewPictureView.xib in Resources */ = {isa = PBXBuildFile; fileRef = D637B60A1D3485E000B8FA18 /* GHZNewPictureView.xib */; };
		D637B6131D3486EB00B8FA18 /* GHZTopic.m in Sources */ = {isa = PBXBuildFile; fileRef = D637B6121D3486EB00B8FA18 /* GHZTopic.m */; };
		D637B6171D3486F600B8FA18 /* GHZTopicCell.m in Sources */ = {isa = PBXBuildFile; fileRef = D637B6151D3486F600B8FA18 /* GHZTopicCell.m */; };
		D637B6181D3486F600B8FA18 /* GHZTopicCell.xib in Resources */ = {isa = PBXBuildFile; fileRef = D637B6161D3486F600B8FA18 /* GHZTopicCell.xib */; };
		D63C47DF1D314C1A00BB5A46 /* libz.tbd in Frameworks */ = {isa = PBXBuildFile; fileRef = D6C49CCB1D311B790045731C /* libz.tbd */; };
		D686B31E1D2DF27300648326 /* main.m in Sources */ = {isa = PBXBuildFile; fileRef = D686B31D1D2DF27300648326 /* main.m */; };
		D686B3211D2DF27300648326 /* AppDelegate.m in Sources */ = {isa = PBXBuildFile; fileRef = D686B3201D2DF27300648326 /* AppDelegate.m */; };
		D686B3271D2DF27300648326 /* Main.storyboard in Resources */ = {isa = PBXBuildFile; fileRef = D686B3251D2DF27300648326 /* Main.storyboard */; };
		D686B3291D2DF27300648326 /* Assets.xcassets in Resources */ = {isa = PBXBuildFile; fileRef = D686B3281D2DF27300648326 /* Assets.xcassets */; };
		D686B32C1D2DF27300648326 /* LaunchScreen.storyboard in Resources */ = {isa = PBXBuildFile; fileRef = D686B32A1D2DF27300648326 /* LaunchScreen.storyboard */; };
		D69190BE1D3211E800EF114D /* GHZLiveViewController.m in Sources */ = {isa = PBXBuildFile; fileRef = D63007911D2E9178005A88B9 /* GHZLiveViewController.m */; };
		D69190C01D3211E800EF114D /* GHZLiveNewModel.m in Sources */ = {isa = PBXBuildFile; fileRef = D6AB0BFB1D2F56CC003DDF59 /* GHZLiveNewModel.m */; };
		D69190C11D3211E800EF114D /* GHZNavViewController.m in Sources */ = {isa = PBXBuildFile; fileRef = D63007231D2E67FE005A88B9 /* GHZNavViewController.m */; };
		D69190CC1D3266E000EF114D /* GHZCareHeaderView.m in Sources */ = {isa = PBXBuildFile; fileRef = D69190CB1D3266E000EF114D /* GHZCareHeaderView.m */; };
		D69190CE1D3266EC00EF114D /* GHZCareHeaderView.xib in Resources */ = {isa = PBXBuildFile; fileRef = D69190CD1D3266EB00EF114D /* GHZCareHeaderView.xib */; };
		D69190D91D3270B300EF114D /* GHZShowingViewController.m in Sources */ = {isa = PBXBuildFile; fileRef = D69190D71D3270B300EF114D /* GHZShowingViewController.m */; };
		D69190DD1D3271AE00EF114D /* GHZShowPlaceHolderView.m in Sources */ = {isa = PBXBuildFile; fileRef = D69190DC1D3271AE00EF114D /* GHZShowPlaceHolderView.m */; };
		D69190DF1D3271BA00EF114D /* GHZShowPlaceHolderView.xib in Resources */ = {isa = PBXBuildFile; fileRef = D69190DE1D3271BA00EF114D /* GHZShowPlaceHolderView.xib */; };
		D69DA4E81D34BF4E0038E10A /* GHZFriendViewController.m in Sources */ = {isa = PBXBuildFile; fileRef = D69DA4E71D34BF4E0038E10A /* GHZFriendViewController.m */; };
		D69DA4EB1D34BF5A0038E10A /* GHZAssistViewController.m in Sources */ = {isa = PBXBuildFile; fileRef = D69DA4EA1D34BF5A0038E10A /* GHZAssistViewController.m */; };
		D69DA68E1D34E68A0038E10A /* GHZConversationViewController.m in Sources */ = {isa = PBXBuildFile; fileRef = D69DA68D1D34E68A0038E10A /* GHZConversationViewController.m */; };
		D69DA6911D34E8870038E10A /* GHZChatViewController.m in Sources */ = {isa = PBXBuildFile; fileRef = D69DA6901D34E8870038E10A /* GHZChatViewController.m */; };
		D6AB0C021D2F5BE2003DDF59 /* UIImage+Extension.m in Sources */ = {isa = PBXBuildFile; fileRef = D6AB0C011D2F5BE2003DDF59 /* UIImage+Extension.m */; };
		D6C49CA41D3090870045731C /* GHZLivingCollectionViewCell.m in Sources */ = {isa = PBXBuildFile; fileRef = D6C49CA31D3090870045731C /* GHZLivingCollectionViewCell.m */; };
		D6C49CA91D30A67E0045731C /* GHZLivingUserView.m in Sources */ = {isa = PBXBuildFile; fileRef = D6C49CA81D30A67E0045731C /* GHZLivingUserView.m */; };
		D6C49CAD1D30A6BE0045731C /* GHZLivingUserView.xib in Resources */ = {isa = PBXBuildFile; fileRef = D6C49CAC1D30A6BE0045731C /* GHZLivingUserView.xib */; };
		D6C49CB01D30A77C0045731C /* GHZLivingEndView.m in Sources */ = {isa = PBXBuildFile; fileRef = D6C49CAF1D30A77C0045731C /* GHZLivingEndView.m */; };
		D6C49CB21D30A7940045731C /* GHZLivingEndView.xib in Resources */ = {isa = PBXBuildFile; fileRef = D6C49CB11D30A7940045731C /* GHZLivingEndView.xib */; };
		D6C49CB71D30E1CA0045731C /* UIDevice+Extension.m in Sources */ = {isa = PBXBuildFile; fileRef = D6C49CB61D30E1CA0045731C /* UIDevice+Extension.m */; };
		D6C49CBA1D30E35E0045731C /* UIImageView+Extension.m in Sources */ = {isa = PBXBuildFile; fileRef = D6C49CB91D30E35E0045731C /* UIImageView+Extension.m */; };
		D6C49CBD1D30E3B80045731C /* UIViewController+Extension.m in Sources */ = {isa = PBXBuildFile; fileRef = D6C49CBC1D30E3B80045731C /* UIViewController+Extension.m */; };
		D6C49CC01D30EBDB0045731C /* GHZLivingCatEarView.m in Sources */ = {isa = PBXBuildFile; fileRef = D6C49CBF1D30EBDB0045731C /* GHZLivingCatEarView.m */; };
		D6C49CC21D30ED040045731C /* GHZLivingCatEarView.xib in Resources */ = {isa = PBXBuildFile; fileRef = D6C49CC11D30ED040045731C /* GHZLivingCatEarView.xib */; };
		D6C787831D2F930B006DBEF8 /* GHZLiveWebViewController.m in Sources */ = {isa = PBXBuildFile; fileRef = D6C787821D2F930B006DBEF8 /* GHZLiveWebViewController.m */; };
		D6C787871D2FA84D006DBEF8 /* GHZHotCollectionViewCell.m in Sources */ = {isa = PBXBuildFile; fileRef = D6C787851D2FA84D006DBEF8 /* GHZHotCollectionViewCell.m */; };
		D6C787881D2FA84D006DBEF8 /* GHZHotCollectionViewCell.xib in Resources */ = {isa = PBXBuildFile; fileRef = D6C787861D2FA84D006DBEF8 /* GHZHotCollectionViewCell.xib */; };
		D6C7878B1D2FAD19006DBEF8 /* GHZHotModel.m in Sources */ = {isa = PBXBuildFile; fileRef = D6C7878A1D2FAD19006DBEF8 /* GHZHotModel.m */; };
		D6C7879C1D2FD22C006DBEF8 /* GHZLivingViewController.m in Sources */ = {isa = PBXBuildFile; fileRef = D6C7879B1D2FD22C006DBEF8 /* GHZLivingViewController.m */; };
		D6C7879F1D2FD2DC006DBEF8 /* GHZBottomView.m in Sources */ = {isa = PBXBuildFile; fileRef = D6C7879E1D2FD2DC006DBEF8 /* GHZBottomView.m */; };
		D6C787A11D2FD2E9006DBEF8 /* GHZBottomView.xib in Resources */ = {isa = PBXBuildFile; fileRef = D6C787A01D2FD2E9006DBEF8 /* GHZBottomView.xib */; };
		D6C787A41D2FE3B0006DBEF8 /* GHZLivingTopView.m in Sources */ = {isa = PBXBuildFile; fileRef = D6C787A31D2FE3B0006DBEF8 /* GHZLivingTopView.m */; };
		D6C787A61D2FE3C2006DBEF8 /* GHZLivingTopView.xib in Resources */ = {isa = PBXBuildFile; fileRef = D6C787A51D2FE3C2006DBEF8 /* GHZLivingTopView.xib */; };
/* End PBXBuildFile section */

/* Begin PBXFileReference section */
		2C7C3BA1E080C169FD152043 /* Pods-GHZxiangmuB.release.xcconfig */ = {isa = PBXFileReference; includeInIndex = 1; lastKnownFileType = text.xcconfig; name = "Pods-GHZxiangmuB.release.xcconfig"; path = "Pods/Target Support Files/Pods-GHZxiangmuB/Pods-GHZxiangmuB.release.xcconfig"; sourceTree = "<group>"; };
		9CA80B1A43D034F7E977A430 /* libPods-GHZxiangmuB.a */ = {isa = PBXFileReference; explicitFileType = archive.ar; includeInIndex = 0; path = "libPods-GHZxiangmuB.a"; sourceTree = BUILT_PRODUCTS_DIR; };
		C21B32AD1D313FB000B30A8C /* UIBarButtonItem+GHZExtention.h */ = {isa = PBXFileReference; fileEncoding = 4; lastKnownFileType = sourcecode.c.h; path = "UIBarButtonItem+GHZExtention.h"; sourceTree = "<group>"; };
		C21B32AE1D313FB000B30A8C /* UIBarButtonItem+GHZExtention.m */ = {isa = PBXFileReference; fileEncoding = 4; lastKnownFileType = sourcecode.c.objc; path = "UIBarButtonItem+GHZExtention.m"; sourceTree = "<group>"; };
		C243B5E11D30A8E300CFCDAE /* GHZConst.h */ = {isa = PBXFileReference; fileEncoding = 4; lastKnownFileType = sourcecode.c.h; path = GHZConst.h; sourceTree = "<group>"; };
		C243B5E21D30A8E300CFCDAE /* GHZConst.m */ = {isa = PBXFileReference; fileEncoding = 4; lastKnownFileType = sourcecode.c.objc; path = GHZConst.m; sourceTree = "<group>"; };
		C243B6721D3118F100CFCDAE /* NSDate+GHZExtension.h */ = {isa = PBXFileReference; fileEncoding = 4; lastKnownFileType = sourcecode.c.h; path = "NSDate+GHZExtension.h"; sourceTree = "<group>"; };
		C243B6731D3118F100CFCDAE /* NSDate+GHZExtension.m */ = {isa = PBXFileReference; fileEncoding = 4; lastKnownFileType = sourcecode.c.objc; path = "NSDate+GHZExtension.m"; sourceTree = "<group>"; };
		C252383D1D365D7F0046B246 /* GHZNewMusicController.h */ = {isa = PBXFileReference; fileEncoding = 4; lastKnownFileType = sourcecode.c.h; path = GHZNewMusicController.h; sourceTree = "<group>"; };
		C252383E1D365D7F0046B246 /* GHZNewMusicController.m */ = {isa = PBXFileReference; fileEncoding = 4; lastKnownFileType = sourcecode.c.objc; path = GHZNewMusicController.m; sourceTree = "<group>"; };
		C252383F1D365D7F0046B246 /* GHZNewMusicController.xib */ = {isa = PBXFileReference; fileEncoding = 4; lastKnownFileType = file.xib; path = GHZNewMusicController.xib; sourceTree = "<group>"; };
		C252395A1D3663350046B246 /* WMPlayer.bundle */ = {isa = PBXFileReference; lastKnownFileType = "wrapper.plug-in"; path = WMPlayer.bundle; sourceTree = "<group>"; };
		C252395B1D3663350046B246 /* WMPlayer.h */ = {isa = PBXFileReference; fileEncoding = 4; lastKnownFileType = sourcecode.c.h; path = WMPlayer.h; sourceTree = "<group>"; };
		C252395C1D3663350046B246 /* WMPlayer.m */ = {isa = PBXFileReference; fileEncoding = 4; lastKnownFileType = sourcecode.c.objc; path = WMPlayer.m; sourceTree = "<group>"; };
		C252395F1D3665720046B246 /* NSString+GHZTime.h */ = {isa = PBXFileReference; fileEncoding = 4; lastKnownFileType = sourcecode.c.h; path = "NSString+GHZTime.h"; sourceTree = "<group>"; };
		C25239601D3665720046B246 /* NSString+GHZTime.m */ = {isa = PBXFileReference; fileEncoding = 4; lastKnownFileType = sourcecode.c.objc; path = "NSString+GHZTime.m"; sourceTree = "<group>"; };
		C2681EE71D332A83002FA23F /* GHZTopicViewController.h */ = {isa = PBXFileReference; fileEncoding = 4; lastKnownFileType = sourcecode.c.h; path = GHZTopicViewController.h; sourceTree = "<group>"; };
		C2681EE81D332A83002FA23F /* GHZTopicViewController.m */ = {isa = PBXFileReference; fileEncoding = 4; lastKnownFileType = sourcecode.c.objc; path = GHZTopicViewController.m; sourceTree = "<group>"; };
		C26821B51D34BCCA005EAF3D /* GHZTopicController.h */ = {isa = PBXFileReference; fileEncoding = 4; lastKnownFileType = sourcecode.c.h; path = GHZTopicController.h; sourceTree = "<group>"; };
		C26821B61D34BCCA005EAF3D /* GHZTopicController.m */ = {isa = PBXFileReference; fileEncoding = 4; lastKnownFileType = sourcecode.c.objc; path = GHZTopicController.m; sourceTree = "<group>"; };
		C26821BA1D352A86005EAF3D /* GHZTopicPictureView.h */ = {isa = PBXFileReference; fileEncoding = 4; lastKnownFileType = sourcecode.c.h; path = GHZTopicPictureView.h; sourceTree = "<group>"; };
		C26821BB1D352A86005EAF3D /* GHZTopicPictureView.m */ = {isa = PBXFileReference; fileEncoding = 4; lastKnownFileType = sourcecode.c.objc; path = GHZTopicPictureView.m; sourceTree = "<group>"; };
		C26821BD1D352AF6005EAF3D /* GHZTopicPictureView.xib */ = {isa = PBXFileReference; fileEncoding = 4; lastKnownFileType = file.xib; path = GHZTopicPictureView.xib; sourceTree = "<group>"; };
		C2C8600D1D34D9C400A59EEF /* GHZNewMusicView.h */ = {isa = PBXFileReference; fileEncoding = 4; lastKnownFileType = sourcecode.c.h; path = GHZNewMusicView.h; sourceTree = "<group>"; };
		C2C8600E1D34D9C400A59EEF /* GHZNewMusicView.m */ = {isa = PBXFileReference; fileEncoding = 4; lastKnownFileType = sourcecode.c.objc; path = GHZNewMusicView.m; sourceTree = "<group>"; };
		C2C860101D34DA0F00A59EEF /* GHZNewMusicView.xib */ = {isa = PBXFileReference; fileEncoding = 4; lastKnownFileType = file.xib; path = GHZNewMusicView.xib; sourceTree = "<group>"; };
		C2C860121D35104200A59EEF /* GHZNewVideoView.h */ = {isa = PBXFileReference; fileEncoding = 4; lastKnownFileType = sourcecode.c.h; path = GHZNewVideoView.h; sourceTree = "<group>"; };
		C2C860131D35104200A59EEF /* GHZNewVideoView.m */ = {isa = PBXFileReference; fileEncoding = 4; lastKnownFileType = sourcecode.c.objc; path = GHZNewVideoView.m; sourceTree = "<group>"; };
		C2C860151D35106A00A59EEF /* GHZNewVideoView.xib */ = {isa = PBXFileReference; fileEncoding = 4; lastKnownFileType = file.xib; path = GHZNewVideoView.xib; sourceTree = "<group>"; };
		C2E5E15F1D33CDC600409261 /* GHZShowpirtureController.h */ = {isa = PBXFileReference; fileEncoding = 4; lastKnownFileType = sourcecode.c.h; path = GHZShowpirtureController.h; sourceTree = "<group>"; };
		C2E5E1601D33CDC600409261 /* GHZShowpirtureController.m */ = {isa = PBXFileReference; fileEncoding = 4; lastKnownFileType = sourcecode.c.objc; path = GHZShowpirtureController.m; sourceTree = "<group>"; };
		C2E5E1611D33CDC600409261 /* GHZShowpirtureController.xib */ = {isa = PBXFileReference; fileEncoding = 4; lastKnownFileType = file.xib; path = GHZShowpirtureController.xib; sourceTree = "<group>"; };
		D628E8391D334A8E00624AEE /* GHZH264Encoder.h */ = {isa = PBXFileReference; fileEncoding = 4; lastKnownFileType = sourcecode.c.h; path = GHZH264Encoder.h; sourceTree = "<group>"; };
		D628E83A1D334A8E00624AEE /* GHZH264Encoder.m */ = {isa = PBXFileReference; fileEncoding = 4; lastKnownFileType = sourcecode.c.objc; path = GHZH264Encoder.m; sourceTree = "<group>"; };
		D628E83F1D334B6D00624AEE /* GHZBeautifulFace.h */ = {isa = PBXFileReference; fileEncoding = 4; lastKnownFileType = sourcecode.c.h; path = GHZBeautifulFace.h; sourceTree = "<group>"; };
		D628E8401D334B6D00624AEE /* GHZBeautifulFace.m */ = {isa = PBXFileReference; fileEncoding = 4; lastKnownFileType = sourcecode.c.objc; path = GHZBeautifulFace.m; sourceTree = "<group>"; };
		D628E8421D33509C00624AEE /* GHZShowLivingView.h */ = {isa = PBXFileReference; fileEncoding = 4; lastKnownFileType = sourcecode.c.h; path = GHZShowLivingView.h; sourceTree = "<group>"; };
		D628E8431D33509C00624AEE /* GHZShowLivingView.m */ = {isa = PBXFileReference; fileEncoding = 4; lastKnownFileType = sourcecode.c.objc; path = GHZShowLivingView.m; sourceTree = "<group>"; };
		D628E8451D3350A700624AEE /* GHZShowLivingView.xib */ = {isa = PBXFileReference; fileEncoding = 4; lastKnownFileType = file.xib; path = GHZShowLivingView.xib; sourceTree = "<group>"; };
		D628E8741D33A0F700624AEE /* GHZShowEndView.h */ = {isa = PBXFileReference; fileEncoding = 4; lastKnownFileType = sourcecode.c.h; path = GHZShowEndView.h; sourceTree = "<group>"; };
		D628E8751D33A0F700624AEE /* GHZShowEndView.m */ = {isa = PBXFileReference; fileEncoding = 4; lastKnownFileType = sourcecode.c.objc; path = GHZShowEndView.m; sourceTree = "<group>"; };
		D628E8771D33A10600624AEE /* GHZShowEndView.xib */ = {isa = PBXFileReference; fileEncoding = 4; lastKnownFileType = file.xib; path = GHZShowEndView.xib; sourceTree = "<group>"; };
		D628EBC91D33D64C00624AEE /* GHZChatHomeViewController.h */ = {isa = PBXFileReference; fileEncoding = 4; lastKnownFileType = sourcecode.c.h; path = GHZChatHomeViewController.h; sourceTree = "<group>"; };
		D628EBCA1D33D64C00624AEE /* GHZChatHomeViewController.m */ = {isa = PBXFileReference; fileEncoding = 4; lastKnownFileType = sourcecode.c.objc; path = GHZChatHomeViewController.m; sourceTree = "<group>"; };
		D628EBCB1D33D64C00624AEE /* GHZLoginViewController.xib */ = {isa = PBXFileReference; fileEncoding = 4; lastKnownFileType = file.xib; name = GHZLoginViewController.xib; path = ../../Home/Controller/GHZLoginViewController.xib; sourceTree = "<group>"; };
		D628EBD61D33E50A00624AEE /* GHZLoginViewController.h */ = {isa = PBXFileReference; fileEncoding = 4; lastKnownFileType = sourcecode.c.h; path = GHZLoginViewController.h; sourceTree = "<group>"; };
		D628EBD71D33E50A00624AEE /* GHZLoginViewController.m */ = {isa = PBXFileReference; fileEncoding = 4; lastKnownFileType = sourcecode.c.objc; path = GHZLoginViewController.m; sourceTree = "<group>"; };
		D628EBD91D33E52300624AEE /* GHZRegistViewController.h */ = {isa = PBXFileReference; fileEncoding = 4; lastKnownFileType = sourcecode.c.h; path = GHZRegistViewController.h; sourceTree = "<group>"; };
		D628EBDA1D33E52300624AEE /* GHZRegistViewController.m */ = {isa = PBXFileReference; fileEncoding = 4; lastKnownFileType = sourcecode.c.objc; path = GHZRegistViewController.m; sourceTree = "<group>"; };
		D628EBDB1D33E52300624AEE /* GHZRegistViewController.xib */ = {isa = PBXFileReference; fileEncoding = 4; lastKnownFileType = file.xib; path = GHZRegistViewController.xib; sourceTree = "<group>"; };
		D628EBDE1D33E81100624AEE /* GHZSeletedChatView.h */ = {isa = PBXFileReference; fileEncoding = 4; lastKnownFileType = sourcecode.c.h; path = GHZSeletedChatView.h; sourceTree = "<group>"; };
		D628EBDF1D33E81100624AEE /* GHZSeletedChatView.m */ = {isa = PBXFileReference; fileEncoding = 4; lastKnownFileType = sourcecode.c.objc; path = GHZSeletedChatView.m; sourceTree = "<group>"; };
		D63007221D2E67FE005A88B9 /* GHZNavViewController.h */ = {isa = PBXFileReference; fileEncoding = 4; lastKnownFileType = sourcecode.c.h; path = GHZNavViewController.h; sourceTree = "<group>"; };
		D63007231D2E67FE005A88B9 /* GHZNavViewController.m */ = {isa = PBXFileReference; fileEncoding = 4; lastKnownFileType = sourcecode.c.objc; path = GHZNavViewController.m; sourceTree = "<group>"; };
		D63007241D2E67FE005A88B9 /* GHZTabBarViewController.h */ = {isa = PBXFileReference; fileEncoding = 4; lastKnownFileType = sourcecode.c.h; path = GHZTabBarViewController.h; sourceTree = "<group>"; };
		D63007251D2E67FE005A88B9 /* GHZTabBarViewController.m */ = {isa = PBXFileReference; fileEncoding = 4; lastKnownFileType = sourcecode.c.objc; path = GHZTabBarViewController.m; sourceTree = "<group>"; };
		D63007261D2E67FE005A88B9 /* GHZViewController.h */ = {isa = PBXFileReference; fileEncoding = 4; lastKnownFileType = sourcecode.c.h; path = GHZViewController.h; sourceTree = "<group>"; };
		D63007271D2E67FE005A88B9 /* GHZViewController.m */ = {isa = PBXFileReference; fileEncoding = 4; lastKnownFileType = sourcecode.c.objc; path = GHZViewController.m; sourceTree = "<group>"; };
		D630073C1D2E67FE005A88B9 /* CoreLaunchLite.h */ = {isa = PBXFileReference; fileEncoding = 4; lastKnownFileType = sourcecode.c.h; path = CoreLaunchLite.h; sourceTree = "<group>"; };
		D630073D1D2E67FE005A88B9 /* CoreLaunchLite.m */ = {isa = PBXFileReference; fileEncoding = 4; lastKnownFileType = sourcecode.c.objc; path = CoreLaunchLite.m; sourceTree = "<group>"; };
		D630075F1D2E6DFF005A88B9 /* GHZCreamViewController.h */ = {isa = PBXFileReference; fileEncoding = 4; lastKnownFileType = sourcecode.c.h; path = GHZCreamViewController.h; sourceTree = "<group>"; };
		D63007601D2E6DFF005A88B9 /* GHZCreamViewController.m */ = {isa = PBXFileReference; fileEncoding = 4; lastKnownFileType = sourcecode.c.objc; path = GHZCreamViewController.m; sourceTree = "<group>"; };
		D63007651D2E6DFF005A88B9 /* GHZLeftViewController.h */ = {isa = PBXFileReference; fileEncoding = 4; lastKnownFileType = sourcecode.c.h; path = GHZLeftViewController.h; sourceTree = "<group>"; };
		D63007661D2E6DFF005A88B9 /* GHZLeftViewController.m */ = {isa = PBXFileReference; fileEncoding = 4; lastKnownFileType = sourcecode.c.objc; path = GHZLeftViewController.m; sourceTree = "<group>"; };
		D630076B1D2E6DFF005A88B9 /* Text1ViewController.h */ = {isa = PBXFileReference; fileEncoding = 4; lastKnownFileType = sourcecode.c.h; path = Text1ViewController.h; sourceTree = "<group>"; };
		D630076C1D2E6DFF005A88B9 /* Text1ViewController.m */ = {isa = PBXFileReference; fileEncoding = 4; lastKnownFileType = sourcecode.c.objc; path = Text1ViewController.m; sourceTree = "<group>"; };
		D630076D1D2E6DFF005A88B9 /* Text2ViewController.h */ = {isa = PBXFileReference; fileEncoding = 4; lastKnownFileType = sourcecode.c.h; path = Text2ViewController.h; sourceTree = "<group>"; };
		D630076E1D2E6DFF005A88B9 /* Text2ViewController.m */ = {isa = PBXFileReference; fileEncoding = 4; lastKnownFileType = sourcecode.c.objc; path = Text2ViewController.m; sourceTree = "<group>"; };
		D630077D1D2E6E45005A88B9 /* GHZNewViewController.h */ = {isa = PBXFileReference; fileEncoding = 4; lastKnownFileType = sourcecode.c.h; path = GHZNewViewController.h; sourceTree = "<group>"; };
		D630077E1D2E6E45005A88B9 /* GHZNewViewController.m */ = {isa = PBXFileReference; fileEncoding = 4; lastKnownFileType = sourcecode.c.objc; path = GHZNewViewController.m; sourceTree = "<group>"; };
		D63007861D2E6EAB005A88B9 /* PCH.pch */ = {isa = PBXFileReference; lastKnownFileType = sourcecode.c.h; path = PCH.pch; sourceTree = "<group>"; };
		D63007901D2E9178005A88B9 /* GHZLiveViewController.h */ = {isa = PBXFileReference; fileEncoding = 4; lastKnownFileType = sourcecode.c.h; path = GHZLiveViewController.h; sourceTree = "<group>"; };
		D63007911D2E9178005A88B9 /* GHZLiveViewController.m */ = {isa = PBXFileReference; fileEncoding = 4; lastKnownFileType = sourcecode.c.objc; path = GHZLiveViewController.m; sourceTree = "<group>"; };
		D63007941D2E9178005A88B9 /* GHZSelectedView.h */ = {isa = PBXFileReference; fileEncoding = 4; lastKnownFileType = sourcecode.c.h; path = GHZSelectedView.h; sourceTree = "<group>"; };
		D63007951D2E9178005A88B9 /* GHZSelectedView.m */ = {isa = PBXFileReference; fileEncoding = 4; lastKnownFileType = sourcecode.c.objc; path = GHZSelectedView.m; sourceTree = "<group>"; };
		D63007A01D2E9397005A88B9 /* UIView+Extension.h */ = {isa = PBXFileReference; fileEncoding = 4; lastKnownFileType = sourcecode.c.h; path = "UIView+Extension.h"; sourceTree = "<group>"; };
		D63007A11D2E9397005A88B9 /* UIView+Extension.m */ = {isa = PBXFileReference; fileEncoding = 4; lastKnownFileType = sourcecode.c.objc; path = "UIView+Extension.m"; sourceTree = "<group>"; };
		D63007A31D2E9540005A88B9 /* GHZCareViewController.h */ = {isa = PBXFileReference; fileEncoding = 4; lastKnownFileType = sourcecode.c.h; path = GHZCareViewController.h; sourceTree = "<group>"; };
		D63007A41D2E9540005A88B9 /* GHZCareViewController.m */ = {isa = PBXFileReference; fileEncoding = 4; lastKnownFileType = sourcecode.c.objc; path = GHZCareViewController.m; sourceTree = "<group>"; };
		D63007A61D2E954C005A88B9 /* GHZHotViewController.h */ = {isa = PBXFileReference; fileEncoding = 4; lastKnownFileType = sourcecode.c.h; path = GHZHotViewController.h; sourceTree = "<group>"; };
		D63007A71D2E954C005A88B9 /* GHZHotViewController.m */ = {isa = PBXFileReference; fileEncoding = 4; lastKnownFileType = sourcecode.c.objc; path = GHZHotViewController.m; sourceTree = "<group>"; };
		D63007AF1D2EA2C1005A88B9 /* GHZLiveNewViewController.h */ = {isa = PBXFileReference; fileEncoding = 4; lastKnownFileType = sourcecode.c.h; path = GHZLiveNewViewController.h; sourceTree = "<group>"; };
		D63007B01D2EA2C1005A88B9 /* GHZLiveNewViewController.m */ = {isa = PBXFileReference; fileEncoding = 4; lastKnownFileType = sourcecode.c.objc; path = GHZLiveNewViewController.m; sourceTree = "<group>"; };
		D63007B21D2EA7F3005A88B9 /* GHZNewTableViewCell.h */ = {isa = PBXFileReference; fileEncoding = 4; lastKnownFileType = sourcecode.c.h; path = GHZNewTableViewCell.h; sourceTree = "<group>"; };
		D63007B31D2EA7F3005A88B9 /* GHZNewTableViewCell.m */ = {isa = PBXFileReference; fileEncoding = 4; lastKnownFileType = sourcecode.c.objc; path = GHZNewTableViewCell.m; sourceTree = "<group>"; };
		D63007B41D2EA7F3005A88B9 /* GHZNewTableViewCell.xib */ = {isa = PBXFileReference; fileEncoding = 4; lastKnownFileType = file.xib; path = GHZNewTableViewCell.xib; sourceTree = "<group>"; };
		D637B6021D34859B00B8FA18 /* GHZTopicModel.h */ = {isa = PBXFileReference; fileEncoding = 4; lastKnownFileType = sourcecode.c.h; path = GHZTopicModel.h; sourceTree = "<group>"; };
		D637B6031D3485A300B8FA18 /* GHZTopicModel.m */ = {isa = PBXFileReference; fileEncoding = 4; lastKnownFileType = sourcecode.c.objc; path = GHZTopicModel.m; sourceTree = "<group>"; };
		D637B6051D3485E000B8FA18 /* GHZNewWordCell.h */ = {isa = PBXFileReference; fileEncoding = 4; lastKnownFileType = sourcecode.c.h; path = GHZNewWordCell.h; sourceTree = "<group>"; };
		D637B6061D3485E000B8FA18 /* GHZNewWordCell.m */ = {isa = PBXFileReference; fileEncoding = 4; lastKnownFileType = sourcecode.c.objc; path = GHZNewWordCell.m; sourceTree = "<group>"; };
		D637B6071D3485E000B8FA18 /* GHZNewWordCell.xib */ = {isa = PBXFileReference; fileEncoding = 4; lastKnownFileType = file.xib; path = GHZNewWordCell.xib; sourceTree = "<group>"; };
		D637B6081D3485E000B8FA18 /* GHZNewPictureView.h */ = {isa = PBXFileReference; fileEncoding = 4; lastKnownFileType = sourcecode.c.h; path = GHZNewPictureView.h; sourceTree = "<group>"; };
		D637B6091D3485E000B8FA18 /* GHZNewPictureView.m */ = {isa = PBXFileReference; fileEncoding = 4; lastKnownFileType = sourcecode.c.objc; path = GHZNewPictureView.m; sourceTree = "<group>"; };
		D637B60A1D3485E000B8FA18 /* GHZNewPictureView.xib */ = {isa = PBXFileReference; fileEncoding = 4; lastKnownFileType = file.xib; path = GHZNewPictureView.xib; sourceTree = "<group>"; };
		D637B6111D3486E300B8FA18 /* GHZTopic.h */ = {isa = PBXFileReference; fileEncoding = 4; lastKnownFileType = sourcecode.c.h; path = GHZTopic.h; sourceTree = "<group>"; };
		D637B6121D3486EB00B8FA18 /* GHZTopic.m */ = {isa = PBXFileReference; fileEncoding = 4; lastKnownFileType = sourcecode.c.objc; path = GHZTopic.m; sourceTree = "<group>"; };
		D637B6141D3486F600B8FA18 /* GHZTopicCell.h */ = {isa = PBXFileReference; fileEncoding = 4; lastKnownFileType = sourcecode.c.h; path = GHZTopicCell.h; sourceTree = "<group>"; };
		D637B6151D3486F600B8FA18 /* GHZTopicCell.m */ = {isa = PBXFileReference; fileEncoding = 4; lastKnownFileType = sourcecode.c.objc; path = GHZTopicCell.m; sourceTree = "<group>"; };
		D637B6161D3486F600B8FA18 /* GHZTopicCell.xib */ = {isa = PBXFileReference; fileEncoding = 4; lastKnownFileType = file.xib; path = GHZTopicCell.xib; sourceTree = "<group>"; };
		D686B3191D2DF27300648326 /* GHZxiangmuB.app */ = {isa = PBXFileReference; explicitFileType = wrapper.application; includeInIndex = 0; path = GHZxiangmuB.app; sourceTree = BUILT_PRODUCTS_DIR; };
		D686B31D1D2DF27300648326 /* main.m */ = {isa = PBXFileReference; lastKnownFileType = sourcecode.c.objc; path = main.m; sourceTree = "<group>"; };
		D686B31F1D2DF27300648326 /* AppDelegate.h */ = {isa = PBXFileReference; lastKnownFileType = sourcecode.c.h; path = AppDelegate.h; sourceTree = "<group>"; };
		D686B3201D2DF27300648326 /* AppDelegate.m */ = {isa = PBXFileReference; lastKnownFileType = sourcecode.c.objc; path = AppDelegate.m; sourceTree = "<group>"; };
		D686B3261D2DF27300648326 /* Base */ = {isa = PBXFileReference; lastKnownFileType = file.storyboard; name = Base; path = Base.lproj/Main.storyboard; sourceTree = "<group>"; };
		D686B3281D2DF27300648326 /* Assets.xcassets */ = {isa = PBXFileReference; lastKnownFileType = folder.assetcatalog; path = Assets.xcassets; sourceTree = "<group>"; };
		D686B32B1D2DF27300648326 /* Base */ = {isa = PBXFileReference; lastKnownFileType = file.storyboard; name = Base; path = Base.lproj/LaunchScreen.storyboard; sourceTree = "<group>"; };
		D686B32D1D2DF27300648326 /* Info.plist */ = {isa = PBXFileReference; lastKnownFileType = text.plist.xml; path = Info.plist; sourceTree = "<group>"; };
		D69190CA1D3266E000EF114D /* GHZCareHeaderView.h */ = {isa = PBXFileReference; fileEncoding = 4; lastKnownFileType = sourcecode.c.h; path = GHZCareHeaderView.h; sourceTree = "<group>"; };
		D69190CB1D3266E000EF114D /* GHZCareHeaderView.m */ = {isa = PBXFileReference; fileEncoding = 4; lastKnownFileType = sourcecode.c.objc; path = GHZCareHeaderView.m; sourceTree = "<group>"; };
		D69190CD1D3266EB00EF114D /* GHZCareHeaderView.xib */ = {isa = PBXFileReference; fileEncoding = 4; lastKnownFileType = file.xib; path = GHZCareHeaderView.xib; sourceTree = "<group>"; };
		D69190D61D3270B300EF114D /* GHZShowingViewController.h */ = {isa = PBXFileReference; fileEncoding = 4; lastKnownFileType = sourcecode.c.h; path = GHZShowingViewController.h; sourceTree = "<group>"; };
		D69190D71D3270B300EF114D /* GHZShowingViewController.m */ = {isa = PBXFileReference; fileEncoding = 4; lastKnownFileType = sourcecode.c.objc; path = GHZShowingViewController.m; sourceTree = "<group>"; };
		D69190DB1D3271AE00EF114D /* GHZShowPlaceHolderView.h */ = {isa = PBXFileReference; fileEncoding = 4; lastKnownFileType = sourcecode.c.h; path = GHZShowPlaceHolderView.h; sourceTree = "<group>"; };
		D69190DC1D3271AE00EF114D /* GHZShowPlaceHolderView.m */ = {isa = PBXFileReference; fileEncoding = 4; lastKnownFileType = sourcecode.c.objc; path = GHZShowPlaceHolderView.m; sourceTree = "<group>"; };
		D69190DE1D3271BA00EF114D /* GHZShowPlaceHolderView.xib */ = {isa = PBXFileReference; fileEncoding = 4; lastKnownFileType = file.xib; path = GHZShowPlaceHolderView.xib; sourceTree = "<group>"; };
		D69DA4E61D34BF4E0038E10A /* GHZFriendViewController.h */ = {isa = PBXFileReference; fileEncoding = 4; lastKnownFileType = sourcecode.c.h; path = GHZFriendViewController.h; sourceTree = "<group>"; };
		D69DA4E71D34BF4E0038E10A /* GHZFriendViewController.m */ = {isa = PBXFileReference; fileEncoding = 4; lastKnownFileType = sourcecode.c.objc; path = GHZFriendViewController.m; sourceTree = "<group>"; };
		D69DA4E91D34BF5A0038E10A /* GHZAssistViewController.h */ = {isa = PBXFileReference; fileEncoding = 4; lastKnownFileType = sourcecode.c.h; path = GHZAssistViewController.h; sourceTree = "<group>"; };
		D69DA4EA1D34BF5A0038E10A /* GHZAssistViewController.m */ = {isa = PBXFileReference; fileEncoding = 4; lastKnownFileType = sourcecode.c.objc; path = GHZAssistViewController.m; sourceTree = "<group>"; };
		D69DA68C1D34E68A0038E10A /* GHZConversationViewController.h */ = {isa = PBXFileReference; fileEncoding = 4; lastKnownFileType = sourcecode.c.h; path = GHZConversationViewController.h; sourceTree = "<group>"; };
		D69DA68D1D34E68A0038E10A /* GHZConversationViewController.m */ = {isa = PBXFileReference; fileEncoding = 4; lastKnownFileType = sourcecode.c.objc; path = GHZConversationViewController.m; sourceTree = "<group>"; };
		D69DA68F1D34E8860038E10A /* GHZChatViewController.h */ = {isa = PBXFileReference; fileEncoding = 4; lastKnownFileType = sourcecode.c.h; path = GHZChatViewController.h; sourceTree = "<group>"; };
		D69DA6901D34E8870038E10A /* GHZChatViewController.m */ = {isa = PBXFileReference; fileEncoding = 4; lastKnownFileType = sourcecode.c.objc; path = GHZChatViewController.m; sourceTree = "<group>"; };
		D6AB0BFA1D2F56CC003DDF59 /* GHZLiveNewModel.h */ = {isa = PBXFileReference; fileEncoding = 4; lastKnownFileType = sourcecode.c.h; path = GHZLiveNewModel.h; sourceTree = "<group>"; };
		D6AB0BFB1D2F56CC003DDF59 /* GHZLiveNewModel.m */ = {isa = PBXFileReference; fileEncoding = 4; lastKnownFileType = sourcecode.c.objc; path = GHZLiveNewModel.m; sourceTree = "<group>"; };
		D6AB0C001D2F5BE2003DDF59 /* UIImage+Extension.h */ = {isa = PBXFileReference; fileEncoding = 4; lastKnownFileType = sourcecode.c.h; path = "UIImage+Extension.h"; sourceTree = "<group>"; };
		D6AB0C011D2F5BE2003DDF59 /* UIImage+Extension.m */ = {isa = PBXFileReference; fileEncoding = 4; lastKnownFileType = sourcecode.c.objc; path = "UIImage+Extension.m"; sourceTree = "<group>"; };
		D6C49CA21D3090870045731C /* GHZLivingCollectionViewCell.h */ = {isa = PBXFileReference; fileEncoding = 4; lastKnownFileType = sourcecode.c.h; path = GHZLivingCollectionViewCell.h; sourceTree = "<group>"; };
		D6C49CA31D3090870045731C /* GHZLivingCollectionViewCell.m */ = {isa = PBXFileReference; fileEncoding = 4; lastKnownFileType = sourcecode.c.objc; path = GHZLivingCollectionViewCell.m; sourceTree = "<group>"; };
		D6C49CA71D30A67E0045731C /* GHZLivingUserView.h */ = {isa = PBXFileReference; fileEncoding = 4; lastKnownFileType = sourcecode.c.h; path = GHZLivingUserView.h; sourceTree = "<group>"; };
		D6C49CA81D30A67E0045731C /* GHZLivingUserView.m */ = {isa = PBXFileReference; fileEncoding = 4; lastKnownFileType = sourcecode.c.objc; path = GHZLivingUserView.m; sourceTree = "<group>"; };
		D6C49CAC1D30A6BE0045731C /* GHZLivingUserView.xib */ = {isa = PBXFileReference; fileEncoding = 4; lastKnownFileType = file.xib; path = GHZLivingUserView.xib; sourceTree = "<group>"; };
		D6C49CAE1D30A77C0045731C /* GHZLivingEndView.h */ = {isa = PBXFileReference; fileEncoding = 4; lastKnownFileType = sourcecode.c.h; path = GHZLivingEndView.h; sourceTree = "<group>"; };
		D6C49CAF1D30A77C0045731C /* GHZLivingEndView.m */ = {isa = PBXFileReference; fileEncoding = 4; lastKnownFileType = sourcecode.c.objc; path = GHZLivingEndView.m; sourceTree = "<group>"; };
		D6C49CB11D30A7940045731C /* GHZLivingEndView.xib */ = {isa = PBXFileReference; fileEncoding = 4; lastKnownFileType = file.xib; path = GHZLivingEndView.xib; sourceTree = "<group>"; };
		D6C49CB51D30E1CA0045731C /* UIDevice+Extension.h */ = {isa = PBXFileReference; fileEncoding = 4; lastKnownFileType = sourcecode.c.h; path = "UIDevice+Extension.h"; sourceTree = "<group>"; };
		D6C49CB61D30E1CA0045731C /* UIDevice+Extension.m */ = {isa = PBXFileReference; fileEncoding = 4; lastKnownFileType = sourcecode.c.objc; path = "UIDevice+Extension.m"; sourceTree = "<group>"; };
		D6C49CB81D30E35E0045731C /* UIImageView+Extension.h */ = {isa = PBXFileReference; fileEncoding = 4; lastKnownFileType = sourcecode.c.h; path = "UIImageView+Extension.h"; sourceTree = "<group>"; };
		D6C49CB91D30E35E0045731C /* UIImageView+Extension.m */ = {isa = PBXFileReference; fileEncoding = 4; lastKnownFileType = sourcecode.c.objc; path = "UIImageView+Extension.m"; sourceTree = "<group>"; };
		D6C49CBB1D30E3B80045731C /* UIViewController+Extension.h */ = {isa = PBXFileReference; fileEncoding = 4; lastKnownFileType = sourcecode.c.h; path = "UIViewController+Extension.h"; sourceTree = "<group>"; };
		D6C49CBC1D30E3B80045731C /* UIViewController+Extension.m */ = {isa = PBXFileReference; fileEncoding = 4; lastKnownFileType = sourcecode.c.objc; path = "UIViewController+Extension.m"; sourceTree = "<group>"; };
		D6C49CBE1D30EBDB0045731C /* GHZLivingCatEarView.h */ = {isa = PBXFileReference; fileEncoding = 4; lastKnownFileType = sourcecode.c.h; path = GHZLivingCatEarView.h; sourceTree = "<group>"; };
		D6C49CBF1D30EBDB0045731C /* GHZLivingCatEarView.m */ = {isa = PBXFileReference; fileEncoding = 4; lastKnownFileType = sourcecode.c.objc; path = GHZLivingCatEarView.m; sourceTree = "<group>"; };
		D6C49CC11D30ED040045731C /* GHZLivingCatEarView.xib */ = {isa = PBXFileReference; fileEncoding = 4; lastKnownFileType = file.xib; path = GHZLivingCatEarView.xib; sourceTree = "<group>"; };
		D6C49CCB1D311B790045731C /* libz.tbd */ = {isa = PBXFileReference; lastKnownFileType = "sourcecode.text-based-dylib-definition"; name = libz.tbd; path = usr/lib/libz.tbd; sourceTree = SDKROOT; };
		D6C49CCD1D311CE00045731C /* VideoToolbox.framework */ = {isa = PBXFileReference; lastKnownFileType = wrapper.framework; name = VideoToolbox.framework; path = System/Library/Frameworks/VideoToolbox.framework; sourceTree = SDKROOT; };
		D6C787811D2F930B006DBEF8 /* GHZLiveWebViewController.h */ = {isa = PBXFileReference; fileEncoding = 4; lastKnownFileType = sourcecode.c.h; path = GHZLiveWebViewController.h; sourceTree = "<group>"; };
		D6C787821D2F930B006DBEF8 /* GHZLiveWebViewController.m */ = {isa = PBXFileReference; fileEncoding = 4; lastKnownFileType = sourcecode.c.objc; path = GHZLiveWebViewController.m; sourceTree = "<group>"; };
		D6C787841D2FA84D006DBEF8 /* GHZHotCollectionViewCell.h */ = {isa = PBXFileReference; fileEncoding = 4; lastKnownFileType = sourcecode.c.h; path = GHZHotCollectionViewCell.h; sourceTree = "<group>"; };
		D6C787851D2FA84D006DBEF8 /* GHZHotCollectionViewCell.m */ = {isa = PBXFileReference; fileEncoding = 4; lastKnownFileType = sourcecode.c.objc; path = GHZHotCollectionViewCell.m; sourceTree = "<group>"; };
		D6C787861D2FA84D006DBEF8 /* GHZHotCollectionViewCell.xib */ = {isa = PBXFileReference; fileEncoding = 4; lastKnownFileType = file.xib; path = GHZHotCollectionViewCell.xib; sourceTree = "<group>"; };
		D6C787891D2FAD19006DBEF8 /* GHZHotModel.h */ = {isa = PBXFileReference; fileEncoding = 4; lastKnownFileType = sourcecode.c.h; path = GHZHotModel.h; sourceTree = "<group>"; };
		D6C7878A1D2FAD19006DBEF8 /* GHZHotModel.m */ = {isa = PBXFileReference; fileEncoding = 4; lastKnownFileType = sourcecode.c.objc; path = GHZHotModel.m; sourceTree = "<group>"; };
		D6C7879A1D2FD22C006DBEF8 /* GHZLivingViewController.h */ = {isa = PBXFileReference; fileEncoding = 4; lastKnownFileType = sourcecode.c.h; path = GHZLivingViewController.h; sourceTree = "<group>"; };
		D6C7879B1D2FD22C006DBEF8 /* GHZLivingViewController.m */ = {isa = PBXFileReference; fileEncoding = 4; lastKnownFileType = sourcecode.c.objc; path = GHZLivingViewController.m; sourceTree = "<group>"; };
		D6C7879D1D2FD2DC006DBEF8 /* GHZBottomView.h */ = {isa = PBXFileReference; fileEncoding = 4; lastKnownFileType = sourcecode.c.h; path = GHZBottomView.h; sourceTree = "<group>"; };
		D6C7879E1D2FD2DC006DBEF8 /* GHZBottomView.m */ = {isa = PBXFileReference; fileEncoding = 4; lastKnownFileType = sourcecode.c.objc; path = GHZBottomView.m; sourceTree = "<group>"; };
		D6C787A01D2FD2E9006DBEF8 /* GHZBottomView.xib */ = {isa = PBXFileReference; fileEncoding = 4; lastKnownFileType = file.xib; path = GHZBottomView.xib; sourceTree = "<group>"; };
		D6C787A21D2FE3B0006DBEF8 /* GHZLivingTopView.h */ = {isa = PBXFileReference; fileEncoding = 4; lastKnownFileType = sourcecode.c.h; path = GHZLivingTopView.h; sourceTree = "<group>"; };
		D6C787A31D2FE3B0006DBEF8 /* GHZLivingTopView.m */ = {isa = PBXFileReference; fileEncoding = 4; lastKnownFileType = sourcecode.c.objc; path = GHZLivingTopView.m; sourceTree = "<group>"; };
		D6C787A51D2FE3C2006DBEF8 /* GHZLivingTopView.xib */ = {isa = PBXFileReference; fileEncoding = 4; lastKnownFileType = file.xib; path = GHZLivingTopView.xib; sourceTree = "<group>"; };
		FA98C4A23AC9EC665AB94AAD /* Pods-GHZxiangmuB.debug.xcconfig */ = {isa = PBXFileReference; includeInIndex = 1; lastKnownFileType = text.xcconfig; name = "Pods-GHZxiangmuB.debug.xcconfig"; path = "Pods/Target Support Files/Pods-GHZxiangmuB/Pods-GHZxiangmuB.debug.xcconfig"; sourceTree = "<group>"; };
/* End PBXFileReference section */

/* Begin PBXFrameworksBuildPhase section */
		D686B3161D2DF27300648326 /* Frameworks */ = {
			isa = PBXFrameworksBuildPhase;
			buildActionMask = 2147483647;
			files = (
				D628E8381D33478300624AEE /* VideoToolbox.framework in Frameworks */,
				D63C47DF1D314C1A00BB5A46 /* libz.tbd in Frameworks */,
				7ED621499AB0A47C38A4912E /* libPods-GHZxiangmuB.a in Frameworks */,
			);
			runOnlyForDeploymentPostprocessing = 0;
		};
/* End PBXFrameworksBuildPhase section */

/* Begin PBXGroup section */
		5A4F9C47C2CCB30AA9127C6E /* Frameworks */ = {
			isa = PBXGroup;
			children = (
				D6C49CCD1D311CE00045731C /* VideoToolbox.framework */,
				D6C49CCB1D311B790045731C /* libz.tbd */,
				9CA80B1A43D034F7E977A430 /* libPods-GHZxiangmuB.a */,
			);
			name = Frameworks;
			sourceTree = "<group>";
		};
		6A368DFDEB8919DA8B912498 /* Pods */ = {
			isa = PBXGroup;
			children = (
				FA98C4A23AC9EC665AB94AAD /* Pods-GHZxiangmuB.debug.xcconfig */,
				2C7C3BA1E080C169FD152043 /* Pods-GHZxiangmuB.release.xcconfig */,
			);
			name = Pods;
			sourceTree = "<group>";
		};
		C25239591D3663350046B246 /* WMPlayer */ = {
			isa = PBXGroup;
			children = (
				C252395A1D3663350046B246 /* WMPlayer.bundle */,
				C252395B1D3663350046B246 /* WMPlayer.h */,
				C252395C1D3663350046B246 /* WMPlayer.m */,
			);
			path = WMPlayer;
			sourceTree = "<group>";
		};
		D628EA191D33CFBD00624AEE /* Home */ = {
			isa = PBXGroup;
			children = (
				D628EA1A1D33CFBD00624AEE /* Controller */,
				D628EA1D1D33CFBD00624AEE /* Model */,
				D628EA1E1D33CFBD00624AEE /* View */,
			);
			path = Home;
			sourceTree = "<group>";
		};
		D628EA1A1D33CFBD00624AEE /* Controller */ = {
			isa = PBXGroup;
			children = (
				D628EBC91D33D64C00624AEE /* GHZChatHomeViewController.h */,
				D628EBCA1D33D64C00624AEE /* GHZChatHomeViewController.m */,
			);
			path = Controller;
			sourceTree = "<group>";
		};
		D628EA1D1D33CFBD00624AEE /* Model */ = {
			isa = PBXGroup;
			children = (
			);
			path = Model;
			sourceTree = "<group>";
		};
		D628EA1E1D33CFBD00624AEE /* View */ = {
			isa = PBXGroup;
			children = (
				D628EBDE1D33E81100624AEE /* GHZSeletedChatView.h */,
				D628EBDF1D33E81100624AEE /* GHZSeletedChatView.m */,
			);
			path = View;
			sourceTree = "<group>";
		};
		D628EBD41D33E4DE00624AEE /* LoginOrRegist */ = {
			isa = PBXGroup;
			children = (
				D628EBD51D33E4DE00624AEE /* Controller */,
			);
			path = LoginOrRegist;
			sourceTree = "<group>";
		};
		D628EBD51D33E4DE00624AEE /* Controller */ = {
			isa = PBXGroup;
			children = (
				D628EBD61D33E50A00624AEE /* GHZLoginViewController.h */,
				D628EBD71D33E50A00624AEE /* GHZLoginViewController.m */,
				D628EBCB1D33D64C00624AEE /* GHZLoginViewController.xib */,
				D628EBD91D33E52300624AEE /* GHZRegistViewController.h */,
				D628EBDA1D33E52300624AEE /* GHZRegistViewController.m */,
				D628EBDB1D33E52300624AEE /* GHZRegistViewController.xib */,
			);
			path = Controller;
			sourceTree = "<group>";
		};
		D63007201D2E67FE005A88B9 /* Classes */ = {
			isa = PBXGroup;
			children = (
				D63007211D2E67FE005A88B9 /* Base */,
				D63007281D2E67FE005A88B9 /* Category */,
				D63007291D2E67FE005A88B9 /* Home */,
				D63007391D2E67FE005A88B9 /* Lib */,
				D630073A1D2E67FE005A88B9 /* Other */,
				D630073B1D2E67FE005A88B9 /* Tools */,
			);
			path = Classes;
			sourceTree = "<group>";
		};
		D63007211D2E67FE005A88B9 /* Base */ = {
			isa = PBXGroup;
			children = (
				D63007221D2E67FE005A88B9 /* GHZNavViewController.h */,
				D63007231D2E67FE005A88B9 /* GHZNavViewController.m */,
				D63007241D2E67FE005A88B9 /* GHZTabBarViewController.h */,
				D63007251D2E67FE005A88B9 /* GHZTabBarViewController.m */,
				D63007261D2E67FE005A88B9 /* GHZViewController.h */,
				D63007271D2E67FE005A88B9 /* GHZViewController.m */,
			);
			path = Base;
			sourceTree = "<group>";
		};
		D63007281D2E67FE005A88B9 /* Category */ = {
			isa = PBXGroup;
			children = (
				D63007A01D2E9397005A88B9 /* UIView+Extension.h */,
				D63007A11D2E9397005A88B9 /* UIView+Extension.m */,
				D6AB0C001D2F5BE2003DDF59 /* UIImage+Extension.h */,
				D6AB0C011D2F5BE2003DDF59 /* UIImage+Extension.m */,
				D6C49CB81D30E35E0045731C /* UIImageView+Extension.h */,
				D6C49CB91D30E35E0045731C /* UIImageView+Extension.m */,
				D6C49CBB1D30E3B80045731C /* UIViewController+Extension.h */,
				D6C49CBC1D30E3B80045731C /* UIViewController+Extension.m */,
				D6C49CB51D30E1CA0045731C /* UIDevice+Extension.h */,
				D6C49CB61D30E1CA0045731C /* UIDevice+Extension.m */,
				C243B6721D3118F100CFCDAE /* NSDate+GHZExtension.h */,
				C243B6731D3118F100CFCDAE /* NSDate+GHZExtension.m */,
				C21B32AD1D313FB000B30A8C /* UIBarButtonItem+GHZExtention.h */,
				C21B32AE1D313FB000B30A8C /* UIBarButtonItem+GHZExtention.m */,
				C252395F1D3665720046B246 /* NSString+GHZTime.h */,
				C25239601D3665720046B246 /* NSString+GHZTime.m */,
			);
			path = Category;
			sourceTree = "<group>";
		};
		D63007291D2E67FE005A88B9 /* Home */ = {
			isa = PBXGroup;
			children = (
				D63007631D2E6DFF005A88B9 /* Left */,
				D63007691D2E6DFF005A88B9 /* LeftSkip */,
				D630075D1D2E6DFF005A88B9 /* Cream */,
				D63007751D2E6DFF005A88B9 /* New */,
				D63007711D2E6DFF005A88B9 /* Live */,
				D63007591D2E6DFF005A88B9 /* Chat */,
			);
			path = Home;
			sourceTree = "<group>";
		};
		D63007391D2E67FE005A88B9 /* Lib */ = {
			isa = PBXGroup;
			children = (
			);
			path = Lib;
			sourceTree = "<group>";
		};
		D630073A1D2E67FE005A88B9 /* Other */ = {
			isa = PBXGroup;
			children = (
			);
			path = Other;
			sourceTree = "<group>";
		};
		D630073B1D2E67FE005A88B9 /* Tools */ = {
			isa = PBXGroup;
			children = (
				C25239591D3663350046B246 /* WMPlayer */,
				D630073C1D2E67FE005A88B9 /* CoreLaunchLite.h */,
				D630073D1D2E67FE005A88B9 /* CoreLaunchLite.m */,
				C243B5E11D30A8E300CFCDAE /* GHZConst.h */,
				C243B5E21D30A8E300CFCDAE /* GHZConst.m */,
				D628E8391D334A8E00624AEE /* GHZH264Encoder.h */,
				D628E83A1D334A8E00624AEE /* GHZH264Encoder.m */,
				D628E83F1D334B6D00624AEE /* GHZBeautifulFace.h */,
				D628E8401D334B6D00624AEE /* GHZBeautifulFace.m */,
				C252383D1D365D7F0046B246 /* GHZNewMusicController.h */,
				C252383E1D365D7F0046B246 /* GHZNewMusicController.m */,
				C252383F1D365D7F0046B246 /* GHZNewMusicController.xib */,
			);
			path = Tools;
			sourceTree = "<group>";
		};
		D63007591D2E6DFF005A88B9 /* Chat */ = {
			isa = PBXGroup;
			children = (
				D628EBD41D33E4DE00624AEE /* LoginOrRegist */,
				D628EA191D33CFBD00624AEE /* Home */,
				D69DA4DB1D34BDF60038E10A /* Conversation */,
				D69DA4DF1D34BDF60038E10A /* Friend */,
				D69DA4D31D34BDF60038E10A /* Assist */,
				D69DA4D71D34BDF60038E10A /* Chat */,
			);
			path = Chat;
			sourceTree = "<group>";
		};
		D630075D1D2E6DFF005A88B9 /* Cream */ = {
			isa = PBXGroup;
			children = (
				D630075E1D2E6DFF005A88B9 /* Controller */,
				D63007611D2E6DFF005A88B9 /* Model */,
				D63007621D2E6DFF005A88B9 /* View */,
			);
			path = Cream;
			sourceTree = "<group>";
		};
		D630075E1D2E6DFF005A88B9 /* Controller */ = {
			isa = PBXGroup;
			children = (
				D630075F1D2E6DFF005A88B9 /* GHZCreamViewController.h */,
				D63007601D2E6DFF005A88B9 /* GHZCreamViewController.m */,
				C26821B51D34BCCA005EAF3D /* GHZTopicController.h */,
				C26821B61D34BCCA005EAF3D /* GHZTopicController.m */,
			);
			path = Controller;
			sourceTree = "<group>";
		};
		D63007611D2E6DFF005A88B9 /* Model */ = {
			isa = PBXGroup;
			children = (
				D637B6111D3486E300B8FA18 /* GHZTopic.h */,
				D637B6121D3486EB00B8FA18 /* GHZTopic.m */,
			);
			path = Model;
			sourceTree = "<group>";
		};
		D63007621D2E6DFF005A88B9 /* View */ = {
			isa = PBXGroup;
			children = (
				D637B6141D3486F600B8FA18 /* GHZTopicCell.h */,
				D637B6151D3486F600B8FA18 /* GHZTopicCell.m */,
				D637B6161D3486F600B8FA18 /* GHZTopicCell.xib */,
				C26821BA1D352A86005EAF3D /* GHZTopicPictureView.h */,
				C26821BB1D352A86005EAF3D /* GHZTopicPictureView.m */,
				C26821BD1D352AF6005EAF3D /* GHZTopicPictureView.xib */,
			);
			path = View;
			sourceTree = "<group>";
		};
		D63007631D2E6DFF005A88B9 /* Left */ = {
			isa = PBXGroup;
			children = (
				D63007641D2E6DFF005A88B9 /* Controller */,
				D63007671D2E6DFF005A88B9 /* Model */,
				D63007681D2E6DFF005A88B9 /* View */,
			);
			path = Left;
			sourceTree = "<group>";
		};
		D63007641D2E6DFF005A88B9 /* Controller */ = {
			isa = PBXGroup;
			children = (
				D63007651D2E6DFF005A88B9 /* GHZLeftViewController.h */,
				D63007661D2E6DFF005A88B9 /* GHZLeftViewController.m */,
			);
			path = Controller;
			sourceTree = "<group>";
		};
		D63007671D2E6DFF005A88B9 /* Model */ = {
			isa = PBXGroup;
			children = (
			);
			path = Model;
			sourceTree = "<group>";
		};
		D63007681D2E6DFF005A88B9 /* View */ = {
			isa = PBXGroup;
			children = (
			);
			path = View;
			sourceTree = "<group>";
		};
		D63007691D2E6DFF005A88B9 /* LeftSkip */ = {
			isa = PBXGroup;
			children = (
				D630076A1D2E6DFF005A88B9 /* Controller */,
				D630076F1D2E6DFF005A88B9 /* Model */,
				D63007701D2E6DFF005A88B9 /* View */,
			);
			path = LeftSkip;
			sourceTree = "<group>";
		};
		D630076A1D2E6DFF005A88B9 /* Controller */ = {
			isa = PBXGroup;
			children = (
				D630076B1D2E6DFF005A88B9 /* Text1ViewController.h */,
				D630076C1D2E6DFF005A88B9 /* Text1ViewController.m */,
				D630076D1D2E6DFF005A88B9 /* Text2ViewController.h */,
				D630076E1D2E6DFF005A88B9 /* Text2ViewController.m */,
			);
			path = Controller;
			sourceTree = "<group>";
		};
		D630076F1D2E6DFF005A88B9 /* Model */ = {
			isa = PBXGroup;
			children = (
			);
			path = Model;
			sourceTree = "<group>";
		};
		D63007701D2E6DFF005A88B9 /* View */ = {
			isa = PBXGroup;
			children = (
			);
			path = View;
			sourceTree = "<group>";
		};
		D63007711D2E6DFF005A88B9 /* Live */ = {
			isa = PBXGroup;
			children = (
				D630078E1D2E9178005A88B9 /* Home */,
				D630079A1D2E9178005A88B9 /* New */,
				D63007961D2E9178005A88B9 /* Hot */,
				D630078A1D2E9178005A88B9 /* Care */,
				D6C787961D2FD1F7006DBEF8 /* Live */,
				D69190CF1D32701400EF114D /* Show */,
			);
			path = Live;
			sourceTree = "<group>";
		};
		D63007751D2E6DFF005A88B9 /* New */ = {
			isa = PBXGroup;
			children = (
				D63007761D2E6DFF005A88B9 /* Controller */,
				D63007771D2E6DFF005A88B9 /* Model */,
				D63007781D2E6DFF005A88B9 /* View */,
			);
			path = New;
			sourceTree = "<group>";
		};
		D63007761D2E6DFF005A88B9 /* Controller */ = {
			isa = PBXGroup;
			children = (
				D630077D1D2E6E45005A88B9 /* GHZNewViewController.h */,
				D630077E1D2E6E45005A88B9 /* GHZNewViewController.m */,
				C2681EE71D332A83002FA23F /* GHZTopicViewController.h */,
				C2681EE81D332A83002FA23F /* GHZTopicViewController.m */,
				C2E5E15F1D33CDC600409261 /* GHZShowpirtureController.h */,
				C2E5E1601D33CDC600409261 /* GHZShowpirtureController.m */,
				C2E5E1611D33CDC600409261 /* GHZShowpirtureController.xib */,
			);
			path = Controller;
			sourceTree = "<group>";
		};
		D63007771D2E6DFF005A88B9 /* Model */ = {
			isa = PBXGroup;
			children = (
				D637B6021D34859B00B8FA18 /* GHZTopicModel.h */,
				D637B6031D3485A300B8FA18 /* GHZTopicModel.m */,
			);
			path = Model;
			sourceTree = "<group>";
		};
		D63007781D2E6DFF005A88B9 /* View */ = {
			isa = PBXGroup;
			children = (
				D637B6051D3485E000B8FA18 /* GHZNewWordCell.h */,
				D637B6061D3485E000B8FA18 /* GHZNewWordCell.m */,
				D637B6071D3485E000B8FA18 /* GHZNewWordCell.xib */,
				D637B6081D3485E000B8FA18 /* GHZNewPictureView.h */,
				D637B6091D3485E000B8FA18 /* GHZNewPictureView.m */,
				D637B60A1D3485E000B8FA18 /* GHZNewPictureView.xib */,
				C2C8600D1D34D9C400A59EEF /* GHZNewMusicView.h */,
				C2C8600E1D34D9C400A59EEF /* GHZNewMusicView.m */,
				C2C860101D34DA0F00A59EEF /* GHZNewMusicView.xib */,
				C2C860121D35104200A59EEF /* GHZNewVideoView.h */,
				C2C860131D35104200A59EEF /* GHZNewVideoView.m */,
				C2C860151D35106A00A59EEF /* GHZNewVideoView.xib */,
			);
			path = View;
			sourceTree = "<group>";
		};
		D630078A1D2E9178005A88B9 /* Care */ = {
			isa = PBXGroup;
			children = (
				D630078B1D2E9178005A88B9 /* Controller */,
				D630078C1D2E9178005A88B9 /* Model */,
				D630078D1D2E9178005A88B9 /* View */,
			);
			path = Care;
			sourceTree = "<group>";
		};
		D630078B1D2E9178005A88B9 /* Controller */ = {
			isa = PBXGroup;
			children = (
				D63007A31D2E9540005A88B9 /* GHZCareViewController.h */,
				D63007A41D2E9540005A88B9 /* GHZCareViewController.m */,
			);
			path = Controller;
			sourceTree = "<group>";
		};
		D630078C1D2E9178005A88B9 /* Model */ = {
			isa = PBXGroup;
			children = (
			);
			path = Model;
			sourceTree = "<group>";
		};
		D630078D1D2E9178005A88B9 /* View */ = {
			isa = PBXGroup;
			children = (
				D69190CA1D3266E000EF114D /* GHZCareHeaderView.h */,
				D69190CB1D3266E000EF114D /* GHZCareHeaderView.m */,
				D69190CD1D3266EB00EF114D /* GHZCareHeaderView.xib */,
			);
			path = View;
			sourceTree = "<group>";
		};
		D630078E1D2E9178005A88B9 /* Home */ = {
			isa = PBXGroup;
			children = (
				D630078F1D2E9178005A88B9 /* Controller */,
				D63007921D2E9178005A88B9 /* Model */,
				D63007931D2E9178005A88B9 /* View */,
			);
			path = Home;
			sourceTree = "<group>";
		};
		D630078F1D2E9178005A88B9 /* Controller */ = {
			isa = PBXGroup;
			children = (
				D63007901D2E9178005A88B9 /* GHZLiveViewController.h */,
				D63007911D2E9178005A88B9 /* GHZLiveViewController.m */,
			);
			path = Controller;
			sourceTree = "<group>";
		};
		D63007921D2E9178005A88B9 /* Model */ = {
			isa = PBXGroup;
			children = (
			);
			path = Model;
			sourceTree = "<group>";
		};
		D63007931D2E9178005A88B9 /* View */ = {
			isa = PBXGroup;
			children = (
				D63007941D2E9178005A88B9 /* GHZSelectedView.h */,
				D63007951D2E9178005A88B9 /* GHZSelectedView.m */,
			);
			path = View;
			sourceTree = "<group>";
		};
		D63007961D2E9178005A88B9 /* Hot */ = {
			isa = PBXGroup;
			children = (
				D63007971D2E9178005A88B9 /* Controller */,
				D63007981D2E9178005A88B9 /* Model */,
				D63007991D2E9178005A88B9 /* View */,
			);
			path = Hot;
			sourceTree = "<group>";
		};
		D63007971D2E9178005A88B9 /* Controller */ = {
			isa = PBXGroup;
			children = (
				D63007A61D2E954C005A88B9 /* GHZHotViewController.h */,
				D63007A71D2E954C005A88B9 /* GHZHotViewController.m */,
			);
			path = Controller;
			sourceTree = "<group>";
		};
		D63007981D2E9178005A88B9 /* Model */ = {
			isa = PBXGroup;
			children = (
				D6C787891D2FAD19006DBEF8 /* GHZHotModel.h */,
				D6C7878A1D2FAD19006DBEF8 /* GHZHotModel.m */,
			);
			path = Model;
			sourceTree = "<group>";
		};
		D63007991D2E9178005A88B9 /* View */ = {
			isa = PBXGroup;
			children = (
				D6C787841D2FA84D006DBEF8 /* GHZHotCollectionViewCell.h */,
				D6C787851D2FA84D006DBEF8 /* GHZHotCollectionViewCell.m */,
				D6C787861D2FA84D006DBEF8 /* GHZHotCollectionViewCell.xib */,
			);
			path = View;
			sourceTree = "<group>";
		};
		D630079A1D2E9178005A88B9 /* New */ = {
			isa = PBXGroup;
			children = (
				D630079B1D2E9178005A88B9 /* Controller */,
				D630079C1D2E9178005A88B9 /* Model */,
				D630079D1D2E9178005A88B9 /* View */,
			);
			path = New;
			sourceTree = "<group>";
		};
		D630079B1D2E9178005A88B9 /* Controller */ = {
			isa = PBXGroup;
			children = (
				D63007AF1D2EA2C1005A88B9 /* GHZLiveNewViewController.h */,
				D63007B01D2EA2C1005A88B9 /* GHZLiveNewViewController.m */,
				D6C787811D2F930B006DBEF8 /* GHZLiveWebViewController.h */,
				D6C787821D2F930B006DBEF8 /* GHZLiveWebViewController.m */,
			);
			path = Controller;
			sourceTree = "<group>";
		};
		D630079C1D2E9178005A88B9 /* Model */ = {
			isa = PBXGroup;
			children = (
				D6AB0BFA1D2F56CC003DDF59 /* GHZLiveNewModel.h */,
				D6AB0BFB1D2F56CC003DDF59 /* GHZLiveNewModel.m */,
			);
			path = Model;
			sourceTree = "<group>";
		};
		D630079D1D2E9178005A88B9 /* View */ = {
			isa = PBXGroup;
			children = (
				D63007B21D2EA7F3005A88B9 /* GHZNewTableViewCell.h */,
				D63007B31D2EA7F3005A88B9 /* GHZNewTableViewCell.m */,
				D63007B41D2EA7F3005A88B9 /* GHZNewTableViewCell.xib */,
			);
			path = View;
			sourceTree = "<group>";
		};
		D686B3101D2DF27300648326 = {
			isa = PBXGroup;
			children = (
				D686B31B1D2DF27300648326 /* GHZxiangmuB */,
				D686B31A1D2DF27300648326 /* Products */,
				6A368DFDEB8919DA8B912498 /* Pods */,
				5A4F9C47C2CCB30AA9127C6E /* Frameworks */,
			);
			sourceTree = "<group>";
		};
		D686B31A1D2DF27300648326 /* Products */ = {
			isa = PBXGroup;
			children = (
				D686B3191D2DF27300648326 /* GHZxiangmuB.app */,
			);
			name = Products;
			sourceTree = "<group>";
		};
		D686B31B1D2DF27300648326 /* GHZxiangmuB */ = {
			isa = PBXGroup;
			children = (
				D63007201D2E67FE005A88B9 /* Classes */,
				D686B31F1D2DF27300648326 /* AppDelegate.h */,
				D686B3201D2DF27300648326 /* AppDelegate.m */,
				D63007861D2E6EAB005A88B9 /* PCH.pch */,
				D686B31C1D2DF27300648326 /* Supporting Files */,
			);
			path = GHZxiangmuB;
			sourceTree = "<group>";
		};
		D686B31C1D2DF27300648326 /* Supporting Files */ = {
			isa = PBXGroup;
			children = (
				D686B3251D2DF27300648326 /* Main.storyboard */,
				D686B3281D2DF27300648326 /* Assets.xcassets */,
				D686B32A1D2DF27300648326 /* LaunchScreen.storyboard */,
				D686B32D1D2DF27300648326 /* Info.plist */,
				D686B31D1D2DF27300648326 /* main.m */,
			);
			name = "Supporting Files";
			sourceTree = "<group>";
		};
		D69190CF1D32701400EF114D /* Show */ = {
			isa = PBXGroup;
			children = (
				D69190D01D32701400EF114D /* Controller */,
				D69190D11D32701400EF114D /* Model */,
				D69190D21D32701400EF114D /* View */,
			);
			path = Show;
			sourceTree = "<group>";
		};
		D69190D01D32701400EF114D /* Controller */ = {
			isa = PBXGroup;
			children = (
				D69190D61D3270B300EF114D /* GHZShowingViewController.h */,
				D69190D71D3270B300EF114D /* GHZShowingViewController.m */,
			);
			path = Controller;
			sourceTree = "<group>";
		};
		D69190D11D32701400EF114D /* Model */ = {
			isa = PBXGroup;
			children = (
			);
			path = Model;
			sourceTree = "<group>";
		};
		D69190D21D32701400EF114D /* View */ = {
			isa = PBXGroup;
			children = (
				D69190DB1D3271AE00EF114D /* GHZShowPlaceHolderView.h */,
				D69190DC1D3271AE00EF114D /* GHZShowPlaceHolderView.m */,
				D69190DE1D3271BA00EF114D /* GHZShowPlaceHolderView.xib */,
				D628E8421D33509C00624AEE /* GHZShowLivingView.h */,
				D628E8431D33509C00624AEE /* GHZShowLivingView.m */,
				D628E8451D3350A700624AEE /* GHZShowLivingView.xib */,
				D628E8741D33A0F700624AEE /* GHZShowEndView.h */,
				D628E8751D33A0F700624AEE /* GHZShowEndView.m */,
				D628E8771D33A10600624AEE /* GHZShowEndView.xib */,
			);
			path = View;
			sourceTree = "<group>";
		};
		D69DA4D31D34BDF60038E10A /* Assist */ = {
			isa = PBXGroup;
			children = (
				D69DA4D41D34BDF60038E10A /* Controller */,
				D69DA4D51D34BDF60038E10A /* Model */,
				D69DA4D61D34BDF60038E10A /* View */,
			);
			name = Assist;
			path = Home/Assist;
			sourceTree = "<group>";
		};
		D69DA4D41D34BDF60038E10A /* Controller */ = {
			isa = PBXGroup;
			children = (
				D69DA4E91D34BF5A0038E10A /* GHZAssistViewController.h */,
				D69DA4EA1D34BF5A0038E10A /* GHZAssistViewController.m */,
			);
			path = Controller;
			sourceTree = "<group>";
		};
		D69DA4D51D34BDF60038E10A /* Model */ = {
			isa = PBXGroup;
			children = (
			);
			path = Model;
			sourceTree = "<group>";
		};
		D69DA4D61D34BDF60038E10A /* View */ = {
			isa = PBXGroup;
			children = (
			);
			path = View;
			sourceTree = "<group>";
		};
		D69DA4D71D34BDF60038E10A /* Chat */ = {
			isa = PBXGroup;
			children = (
				D69DA4D81D34BDF60038E10A /* Controller */,
				D69DA4D91D34BDF60038E10A /* Model */,
				D69DA4DA1D34BDF60038E10A /* View */,
			);
			name = Chat;
			path = Home/Chat;
			sourceTree = "<group>";
		};
		D69DA4D81D34BDF60038E10A /* Controller */ = {
			isa = PBXGroup;
			children = (
				D69DA68F1D34E8860038E10A /* GHZChatViewController.h */,
				D69DA6901D34E8870038E10A /* GHZChatViewController.m */,
			);
			path = Controller;
			sourceTree = "<group>";
		};
		D69DA4D91D34BDF60038E10A /* Model */ = {
			isa = PBXGroup;
			children = (
			);
			path = Model;
			sourceTree = "<group>";
		};
		D69DA4DA1D34BDF60038E10A /* View */ = {
			isa = PBXGroup;
			children = (
			);
			path = View;
			sourceTree = "<group>";
		};
		D69DA4DB1D34BDF60038E10A /* Conversation */ = {
			isa = PBXGroup;
			children = (
				D69DA4DC1D34BDF60038E10A /* Controller */,
				D69DA4DD1D34BDF60038E10A /* Model */,
				D69DA4DE1D34BDF60038E10A /* View */,
			);
			name = Conversation;
			path = Home/Conversation;
			sourceTree = "<group>";
		};
		D69DA4DC1D34BDF60038E10A /* Controller */ = {
			isa = PBXGroup;
			children = (
				D69DA68C1D34E68A0038E10A /* GHZConversationViewController.h */,
				D69DA68D1D34E68A0038E10A /* GHZConversationViewController.m */,
			);
			path = Controller;
			sourceTree = "<group>";
		};
		D69DA4DD1D34BDF60038E10A /* Model */ = {
			isa = PBXGroup;
			children = (
			);
			path = Model;
			sourceTree = "<group>";
		};
		D69DA4DE1D34BDF60038E10A /* View */ = {
			isa = PBXGroup;
			children = (
			);
			path = View;
			sourceTree = "<group>";
		};
		D69DA4DF1D34BDF60038E10A /* Friend */ = {
			isa = PBXGroup;
			children = (
				D69DA4E01D34BDF60038E10A /* Controller */,
				D69DA4E11D34BDF60038E10A /* Model */,
				D69DA4E21D34BDF60038E10A /* View */,
			);
			name = Friend;
			path = Home/Friend;
			sourceTree = "<group>";
		};
		D69DA4E01D34BDF60038E10A /* Controller */ = {
			isa = PBXGroup;
			children = (
				D69DA4E61D34BF4E0038E10A /* GHZFriendViewController.h */,
				D69DA4E71D34BF4E0038E10A /* GHZFriendViewController.m */,
			);
			path = Controller;
			sourceTree = "<group>";
		};
		D69DA4E11D34BDF60038E10A /* Model */ = {
			isa = PBXGroup;
			children = (
			);
			path = Model;
			sourceTree = "<group>";
		};
		D69DA4E21D34BDF60038E10A /* View */ = {
			isa = PBXGroup;
			children = (
			);
			path = View;
			sourceTree = "<group>";
		};
		D6C787961D2FD1F7006DBEF8 /* Live */ = {
			isa = PBXGroup;
			children = (
				D6C787971D2FD1F7006DBEF8 /* Controller */,
				D6C787981D2FD1F7006DBEF8 /* Model */,
				D6C787991D2FD1F7006DBEF8 /* View */,
			);
			path = Live;
			sourceTree = "<group>";
		};
		D6C787971D2FD1F7006DBEF8 /* Controller */ = {
			isa = PBXGroup;
			children = (
				D6C7879A1D2FD22C006DBEF8 /* GHZLivingViewController.h */,
				D6C7879B1D2FD22C006DBEF8 /* GHZLivingViewController.m */,
			);
			path = Controller;
			sourceTree = "<group>";
		};
		D6C787981D2FD1F7006DBEF8 /* Model */ = {
			isa = PBXGroup;
			children = (
			);
			path = Model;
			sourceTree = "<group>";
		};
		D6C787991D2FD1F7006DBEF8 /* View */ = {
			isa = PBXGroup;
			children = (
				D6C7879D1D2FD2DC006DBEF8 /* GHZBottomView.h */,
				D6C7879E1D2FD2DC006DBEF8 /* GHZBottomView.m */,
				D6C787A01D2FD2E9006DBEF8 /* GHZBottomView.xib */,
				D6C787A21D2FE3B0006DBEF8 /* GHZLivingTopView.h */,
				D6C787A31D2FE3B0006DBEF8 /* GHZLivingTopView.m */,
				D6C787A51D2FE3C2006DBEF8 /* GHZLivingTopView.xib */,
				D6C49CBE1D30EBDB0045731C /* GHZLivingCatEarView.h */,
				D6C49CBF1D30EBDB0045731C /* GHZLivingCatEarView.m */,
				D6C49CC11D30ED040045731C /* GHZLivingCatEarView.xib */,
				D6C49CA21D3090870045731C /* GHZLivingCollectionViewCell.h */,
				D6C49CA31D3090870045731C /* GHZLivingCollectionViewCell.m */,
				D6C49CA71D30A67E0045731C /* GHZLivingUserView.h */,
				D6C49CA81D30A67E0045731C /* GHZLivingUserView.m */,
				D6C49CAC1D30A6BE0045731C /* GHZLivingUserView.xib */,
				D6C49CAE1D30A77C0045731C /* GHZLivingEndView.h */,
				D6C49CAF1D30A77C0045731C /* GHZLivingEndView.m */,
				D6C49CB11D30A7940045731C /* GHZLivingEndView.xib */,
			);
			path = View;
			sourceTree = "<group>";
		};
/* End PBXGroup section */

/* Begin PBXNativeTarget section */
		D686B3181D2DF27300648326 /* GHZxiangmuB */ = {
			isa = PBXNativeTarget;
			buildConfigurationList = D686B3301D2DF27300648326 /* Build configuration list for PBXNativeTarget "GHZxiangmuB" */;
			buildPhases = (
				FDBC4C6925EFB90136E15765 /* 📦 Check Pods Manifest.lock */,
				D686B3151D2DF27300648326 /* Sources */,
				D686B3171D2DF27300648326 /* Resources */,
				D686B3161D2DF27300648326 /* Frameworks */,
				B696C21458D1C0CE552CC3EE /* 📦 Embed Pods Frameworks */,
				6E5DD3B395193982782C721B /* 📦 Copy Pods Resources */,
			);
			buildRules = (
			);
			dependencies = (
			);
			name = GHZxiangmuB;
			productName = GHZxiangmuB;
			productReference = D686B3191D2DF27300648326 /* GHZxiangmuB.app */;
			productType = "com.apple.product-type.application";
		};
/* End PBXNativeTarget section */

/* Begin PBXProject section */
		D686B3111D2DF27300648326 /* Project object */ = {
			isa = PBXProject;
			attributes = {
				CLASSPREFIX = GHZ;
				LastUpgradeCheck = 0720;
				ORGANIZATIONNAME = "lanou3g-22赵哲";
				TargetAttributes = {
					D686B3181D2DF27300648326 = {
						CreatedOnToolsVersion = 7.2;
					};
				};
			};
			buildConfigurationList = D686B3141D2DF27300648326 /* Build configuration list for PBXProject "GHZxiangmuB" */;
			compatibilityVersion = "Xcode 3.2";
			developmentRegion = English;
			hasScannedForEncodings = 0;
			knownRegions = (
				en,
				Base,
			);
			mainGroup = D686B3101D2DF27300648326;
			productRefGroup = D686B31A1D2DF27300648326 /* Products */;
			projectDirPath = "";
			projectRoot = "";
			targets = (
				D686B3181D2DF27300648326 /* GHZxiangmuB */,
			);
		};
/* End PBXProject section */

/* Begin PBXResourcesBuildPhase section */
		D686B3171D2DF27300648326 /* Resources */ = {
			isa = PBXResourcesBuildPhase;
			buildActionMask = 2147483647;
			files = (
				D628E8461D3350A700624AEE /* GHZShowLivingView.xib in Resources */,
				D686B32C1D2DF27300648326 /* LaunchScreen.storyboard in Resources */,
				D628E8781D33A10600624AEE /* GHZShowEndView.xib in Resources */,
				D686B3291D2DF27300648326 /* Assets.xcassets in Resources */,
				D637B6181D3486F600B8FA18 /* GHZTopicCell.xib in Resources */,
				D637B60C1D3485E000B8FA18 /* GHZNewWordCell.xib in Resources */,
				C26821BE1D352AF6005EAF3D /* GHZTopicPictureView.xib in Resources */,
				D63007B61D2EA7F3005A88B9 /* GHZNewTableViewCell.xib in Resources */,
				C252395D1D3663350046B246 /* WMPlayer.bundle in Resources */,
				C25238411D365D7F0046B246 /* GHZNewMusicController.xib in Resources */,
				D628EBDD1D33E52300624AEE /* GHZRegistViewController.xib in Resources */,
				D6C787A11D2FD2E9006DBEF8 /* GHZBottomView.xib in Resources */,
				D6C49CB21D30A7940045731C /* GHZLivingEndView.xib in Resources */,
				D6C787881D2FA84D006DBEF8 /* GHZHotCollectionViewCell.xib in Resources */,
				C2C860111D34DA0F00A59EEF /* GHZNewMusicView.xib in Resources */,
				D6C787A61D2FE3C2006DBEF8 /* GHZLivingTopView.xib in Resources */,
				D6C49CC21D30ED040045731C /* GHZLivingCatEarView.xib in Resources */,
				C2E5E1631D33CDC600409261 /* GHZShowpirtureController.xib in Resources */,
				D686B3271D2DF27300648326 /* Main.storyboard in Resources */,
				D69190DF1D3271BA00EF114D /* GHZShowPlaceHolderView.xib in Resources */,
				C2C860161D35106A00A59EEF /* GHZNewVideoView.xib in Resources */,
				D69190CE1D3266EC00EF114D /* GHZCareHeaderView.xib in Resources */,
				D637B60E1D3485E000B8FA18 /* GHZNewPictureView.xib in Resources */,
				D6C49CAD1D30A6BE0045731C /* GHZLivingUserView.xib in Resources */,
				D628EBCD1D33D64C00624AEE /* GHZLoginViewController.xib in Resources */,
			);
			runOnlyForDeploymentPostprocessing = 0;
		};
/* End PBXResourcesBuildPhase section */

/* Begin PBXShellScriptBuildPhase section */
		6E5DD3B395193982782C721B /* 📦 Copy Pods Resources */ = {
			isa = PBXShellScriptBuildPhase;
			buildActionMask = 2147483647;
			files = (
			);
			inputPaths = (
			);
			name = "📦 Copy Pods Resources";
			outputPaths = (
			);
			runOnlyForDeploymentPostprocessing = 0;
			shellPath = /bin/sh;
			shellScript = "\"${SRCROOT}/Pods/Target Support Files/Pods-GHZxiangmuB/Pods-GHZxiangmuB-resources.sh\"\n";
			showEnvVarsInLog = 0;
		};
		B696C21458D1C0CE552CC3EE /* 📦 Embed Pods Frameworks */ = {
			isa = PBXShellScriptBuildPhase;
			buildActionMask = 2147483647;
			files = (
			);
			inputPaths = (
			);
			name = "📦 Embed Pods Frameworks";
			outputPaths = (
			);
			runOnlyForDeploymentPostprocessing = 0;
			shellPath = /bin/sh;
			shellScript = "\"${SRCROOT}/Pods/Target Support Files/Pods-GHZxiangmuB/Pods-GHZxiangmuB-frameworks.sh\"\n";
			showEnvVarsInLog = 0;
		};
		FDBC4C6925EFB90136E15765 /* 📦 Check Pods Manifest.lock */ = {
			isa = PBXShellScriptBuildPhase;
			buildActionMask = 2147483647;
			files = (
			);
			inputPaths = (
			);
			name = "📦 Check Pods Manifest.lock";
			outputPaths = (
			);
			runOnlyForDeploymentPostprocessing = 0;
			shellPath = /bin/sh;
			shellScript = "diff \"${PODS_ROOT}/../Podfile.lock\" \"${PODS_ROOT}/Manifest.lock\" > /dev/null\nif [[ $? != 0 ]] ; then\n    cat << EOM\nerror: The sandbox is not in sync with the Podfile.lock. Run 'pod install' or update your CocoaPods installation.\nEOM\n    exit 1\nfi\n";
			showEnvVarsInLog = 0;
		};
/* End PBXShellScriptBuildPhase section */

/* Begin PBXSourcesBuildPhase section */
		D686B3151D2DF27300648326 /* Sources */ = {
			isa = PBXSourcesBuildPhase;
			buildActionMask = 2147483647;
			files = (
				D63007A21D2E9397005A88B9 /* UIView+Extension.m in Sources */,
				D630073F1D2E67FE005A88B9 /* GHZTabBarViewController.m in Sources */,
				C2C8600F1D34D9C400A59EEF /* GHZNewMusicView.m in Sources */,
				C243B6741D3118F100CFCDAE /* NSDate+GHZExtension.m in Sources */,
				D69190D91D3270B300EF114D /* GHZShowingViewController.m in Sources */,
				D628EBE01D33E81100624AEE /* GHZSeletedChatView.m in Sources */,
				C21B32AF1D313FB000B30A8C /* UIBarButtonItem+GHZExtention.m in Sources */,
				D630079F1D2E9178005A88B9 /* GHZSelectedView.m in Sources */,
				D628EBDC1D33E52300624AEE /* GHZRegistViewController.m in Sources */,
				D63007791D2E6DFF005A88B9 /* GHZCreamViewController.m in Sources */,
				C2681EE91D332A83002FA23F /* GHZTopicViewController.m in Sources */,
				D63007A81D2E954C005A88B9 /* GHZHotViewController.m in Sources */,
				D6C49CA41D3090870045731C /* GHZLivingCollectionViewCell.m in Sources */,
				D63007B11D2EA2C1005A88B9 /* GHZLiveNewViewController.m in Sources */,
				D630077B1D2E6DFF005A88B9 /* Text1ViewController.m in Sources */,
				D628EBCC1D33D64C00624AEE /* GHZChatHomeViewController.m in Sources */,
				D637B6171D3486F600B8FA18 /* GHZTopicCell.m in Sources */,
				D69DA4EB1D34BF5A0038E10A /* GHZAssistViewController.m in Sources */,
				D63007A51D2E9540005A88B9 /* GHZCareViewController.m in Sources */,
				D686B3211D2DF27300648326 /* AppDelegate.m in Sources */,
				D630077F1D2E6E45005A88B9 /* GHZNewViewController.m in Sources */,
				C2E5E1621D33CDC600409261 /* GHZShowpirtureController.m in Sources */,
				D6C787A41D2FE3B0006DBEF8 /* GHZLivingTopView.m in Sources */,
				D686B31E1D2DF27300648326 /* main.m in Sources */,
				D69190DD1D3271AE00EF114D /* GHZShowPlaceHolderView.m in Sources */,
				D63007401D2E67FE005A88B9 /* GHZViewController.m in Sources */,
				D69DA6911D34E8870038E10A /* GHZChatViewController.m in Sources */,
				D6C7879F1D2FD2DC006DBEF8 /* GHZBottomView.m in Sources */,
				D6C49CBA1D30E35E0045731C /* UIImageView+Extension.m in Sources */,
				C2C860141D35104200A59EEF /* GHZNewVideoView.m in Sources */,
				D637B6131D3486EB00B8FA18 /* GHZTopic.m in Sources */,
				D6C7878B1D2FAD19006DBEF8 /* GHZHotModel.m in Sources */,
				D630077A1D2E6DFF005A88B9 /* GHZLeftViewController.m in Sources */,
				C25239611D3665720046B246 /* NSString+GHZTime.m in Sources */,
				D63007B51D2EA7F3005A88B9 /* GHZNewTableViewCell.m in Sources */,
				D6C49CC01D30EBDB0045731C /* GHZLivingCatEarView.m in Sources */,
				D69DA4E81D34BF4E0038E10A /* GHZFriendViewController.m in Sources */,
				D637B60B1D3485E000B8FA18 /* GHZNewWordCell.m in Sources */,
				D6C787871D2FA84D006DBEF8 /* GHZHotCollectionViewCell.m in Sources */,
				D637B6041D3485A300B8FA18 /* GHZTopicModel.m in Sources */,
				D628E8761D33A0F700624AEE /* GHZShowEndView.m in Sources */,
				D628E8411D334B6D00624AEE /* GHZBeautifulFace.m in Sources */,
				D6AB0C021D2F5BE2003DDF59 /* UIImage+Extension.m in Sources */,
				C25238401D365D7F0046B246 /* GHZNewMusicController.m in Sources */,
				D6C49CBD1D30E3B80045731C /* UIViewController+Extension.m in Sources */,
				D6C7879C1D2FD22C006DBEF8 /* GHZLivingViewController.m in Sources */,
				C26821BC1D352A86005EAF3D /* GHZTopicPictureView.m in Sources */,
				D637B60D1D3485E000B8FA18 /* GHZNewPictureView.m in Sources */,
				D6C49CB01D30A77C0045731C /* GHZLivingEndView.m in Sources */,
				D69190C11D3211E800EF114D /* GHZNavViewController.m in Sources */,
				D69190CC1D3266E000EF114D /* GHZCareHeaderView.m in Sources */,
				D69190C01D3211E800EF114D /* GHZLiveNewModel.m in Sources */,
				D69190BE1D3211E800EF114D /* GHZLiveViewController.m in Sources */,
				D628E83B1D334A8E00624AEE /* GHZH264Encoder.m in Sources */,
				D6C49CB71D30E1CA0045731C /* UIDevice+Extension.m in Sources */,
				C252395E1D3663350046B246 /* WMPlayer.m in Sources */,
				D628EBD81D33E50A00624AEE /* GHZLoginViewController.m in Sources */,
				D6C787831D2F930B006DBEF8 /* GHZLiveWebViewController.m in Sources */,
				D69DA68E1D34E68A0038E10A /* GHZConversationViewController.m in Sources */,
				C26821B71D34BCCA005EAF3D /* GHZTopicController.m in Sources */,
				C243B5E31D30A8E300CFCDAE /* GHZConst.m in Sources */,
				D630077C1D2E6DFF005A88B9 /* Text2ViewController.m in Sources */,
				D6C49CA91D30A67E0045731C /* GHZLivingUserView.m in Sources */,
				D63007451D2E67FE005A88B9 /* CoreLaunchLite.m in Sources */,
				D628E8441D33509C00624AEE /* GHZShowLivingView.m in Sources */,
			);
			runOnlyForDeploymentPostprocessing = 0;
		};
/* End PBXSourcesBuildPhase section */

/* Begin PBXVariantGroup section */
		D686B3251D2DF27300648326 /* Main.storyboard */ = {
			isa = PBXVariantGroup;
			children = (
				D686B3261D2DF27300648326 /* Base */,
			);
			name = Main.storyboard;
			sourceTree = "<group>";
		};
		D686B32A1D2DF27300648326 /* LaunchScreen.storyboard */ = {
			isa = PBXVariantGroup;
			children = (
				D686B32B1D2DF27300648326 /* Base */,
			);
			name = LaunchScreen.storyboard;
			sourceTree = "<group>";
		};
/* End PBXVariantGroup section */

/* Begin XCBuildConfiguration section */
		D686B32E1D2DF27300648326 /* Debug */ = {
			isa = XCBuildConfiguration;
			buildSettings = {
				ALWAYS_SEARCH_USER_PATHS = NO;
				CLANG_CXX_LANGUAGE_STANDARD = "gnu++0x";
				CLANG_CXX_LIBRARY = "libc++";
				CLANG_ENABLE_MODULES = YES;
				CLANG_ENABLE_OBJC_ARC = YES;
				CLANG_WARN_BOOL_CONVERSION = YES;
				CLANG_WARN_CONSTANT_CONVERSION = YES;
				CLANG_WARN_DIRECT_OBJC_ISA_USAGE = YES_ERROR;
				CLANG_WARN_EMPTY_BODY = YES;
				CLANG_WARN_ENUM_CONVERSION = YES;
				CLANG_WARN_INT_CONVERSION = YES;
				CLANG_WARN_OBJC_ROOT_CLASS = YES_ERROR;
				CLANG_WARN_UNREACHABLE_CODE = YES;
				CLANG_WARN__DUPLICATE_METHOD_MATCH = YES;
				CODE_SIGN_IDENTITY = "iPhone Developer: Yang Zhang (Z496ZX8FT7)";
				"CODE_SIGN_IDENTITY[sdk=iphoneos*]" = "iPhone Developer: Yang Zhang (Z496ZX8FT7)";
				COPY_PHASE_STRIP = NO;
				DEBUG_INFORMATION_FORMAT = dwarf;
				ENABLE_BITCODE = NO;
				ENABLE_STRICT_OBJC_MSGSEND = YES;
				ENABLE_TESTABILITY = YES;
				GCC_C_LANGUAGE_STANDARD = gnu99;
				GCC_DYNAMIC_NO_PIC = NO;
				GCC_NO_COMMON_BLOCKS = YES;
				GCC_OPTIMIZATION_LEVEL = 0;
				GCC_PREFIX_HEADER = "$(SRCROOT)/GHZxiangmuB/PCH.pch";
				GCC_PREPROCESSOR_DEFINITIONS = (
					"DEBUG=1",
					"$(inherited)",
				);
				GCC_WARN_64_TO_32_BIT_CONVERSION = YES;
				GCC_WARN_ABOUT_RETURN_TYPE = YES_ERROR;
				GCC_WARN_UNDECLARED_SELECTOR = YES;
				GCC_WARN_UNINITIALIZED_AUTOS = YES_AGGRESSIVE;
				GCC_WARN_UNUSED_FUNCTION = YES;
				GCC_WARN_UNUSED_VARIABLE = YES;
				IPHONEOS_DEPLOYMENT_TARGET = 8.0;
				MTL_ENABLE_DEBUG_INFO = YES;
				ONLY_ACTIVE_ARCH = YES;
				SDKROOT = iphoneos;
				TARGETED_DEVICE_FAMILY = "1,2";
			};
			name = Debug;
		};
		D686B32F1D2DF27300648326 /* Release */ = {
			isa = XCBuildConfiguration;
			buildSettings = {
				ALWAYS_SEARCH_USER_PATHS = NO;
				CLANG_CXX_LANGUAGE_STANDARD = "gnu++0x";
				CLANG_CXX_LIBRARY = "libc++";
				CLANG_ENABLE_MODULES = YES;
				CLANG_ENABLE_OBJC_ARC = YES;
				CLANG_WARN_BOOL_CONVERSION = YES;
				CLANG_WARN_CONSTANT_CONVERSION = YES;
				CLANG_WARN_DIRECT_OBJC_ISA_USAGE = YES_ERROR;
				CLANG_WARN_EMPTY_BODY = YES;
				CLANG_WARN_ENUM_CONVERSION = YES;
				CLANG_WARN_INT_CONVERSION = YES;
				CLANG_WARN_OBJC_ROOT_CLASS = YES_ERROR;
				CLANG_WARN_UNREACHABLE_CODE = YES;
				CLANG_WARN__DUPLICATE_METHOD_MATCH = YES;
				"CODE_SIGN_IDENTITY[sdk=iphoneos*]" = "iPhone Developer";
				COPY_PHASE_STRIP = NO;
				DEBUG_INFORMATION_FORMAT = "dwarf-with-dsym";
				ENABLE_BITCODE = NO;
				ENABLE_NS_ASSERTIONS = NO;
				ENABLE_STRICT_OBJC_MSGSEND = YES;
				GCC_C_LANGUAGE_STANDARD = gnu99;
				GCC_NO_COMMON_BLOCKS = YES;
				GCC_PREFIX_HEADER = "$(SRCROOT)/GHZxiangmuB/PCH.pch";
				GCC_WARN_64_TO_32_BIT_CONVERSION = YES;
				GCC_WARN_ABOUT_RETURN_TYPE = YES_ERROR;
				GCC_WARN_UNDECLARED_SELECTOR = YES;
				GCC_WARN_UNINITIALIZED_AUTOS = YES_AGGRESSIVE;
				GCC_WARN_UNUSED_FUNCTION = YES;
				GCC_WARN_UNUSED_VARIABLE = YES;
				IPHONEOS_DEPLOYMENT_TARGET = 8.0;
				MTL_ENABLE_DEBUG_INFO = NO;
				SDKROOT = iphoneos;
				TARGETED_DEVICE_FAMILY = "1,2";
				VALIDATE_PRODUCT = YES;
			};
			name = Release;
		};
		D686B3311D2DF27300648326 /* Debug */ = {
			isa = XCBuildConfiguration;
			baseConfigurationReference = FA98C4A23AC9EC665AB94AAD /* Pods-GHZxiangmuB.debug.xcconfig */;
			buildSettings = {
				ASSETCATALOG_COMPILER_APPICON_NAME = AppIcon;
				ASSETCATALOG_COMPILER_LAUNCHIMAGE_NAME = LaunchImage;
				CODE_SIGN_IDENTITY = "iPhone Developer: Yang Zhang (Z496ZX8FT7)";
				"CODE_SIGN_IDENTITY[sdk=iphoneos*]" = "iPhone Developer: Yang Zhang (Z496ZX8FT7)";
				FRAMEWORK_SEARCH_PATHS = (
					"$(inherited)",
					"$(PROJECT_DIR)",
					"$(PROJECT_DIR)/GHZxiangmuB/Classes",
				);
				INFOPLIST_FILE = GHZxiangmuB/Info.plist;
				IPHONEOS_DEPLOYMENT_TARGET = 8.0;
				LD_RUNPATH_SEARCH_PATHS = "$(inherited) @executable_path/Frameworks";
				LIBRARY_SEARCH_PATHS = (
					"$(inherited)",
					"$(PROJECT_DIR)/GHZxiangmuB/Classes/Lib/librtmp-iOS/lib",
					"$(PROJECT_DIR)/GHZxiangmuB/Classes/librtmp-iOS/lib",
					"$(PROJECT_DIR)/GHZxiangmuB/Classes/Lib/LiveVideoCoreSDK",
					"$(PROJECT_DIR)/GHZxiangmuB/Classes/Lib/EaseUI/EMUIKit/3rdparty/DeviceHelper/VoiceConvert/opencore-amrnb",
					"$(PROJECT_DIR)/GHZxiangmuB/Classes/Lib/EaseUI/EMUIKit/3rdparty/DeviceHelper/VoiceConvert/opencore-amrwb",
					"$(PROJECT_DIR)/IJKMediaFramework.framework",
				);
				PRODUCT_BUNDLE_IDENTIFIER = com.GHZxiangmuB;
				PRODUCT_NAME = "$(TARGET_NAME)";
				PROVISIONING_PROFILE = "05c836ed-0341-4623-a073-ad7b20859f9f";
				TARGETED_DEVICE_FAMILY = 1;
			};
			name = Debug;
		};
		D686B3321D2DF27300648326 /* Release */ = {
			isa = XCBuildConfiguration;
			baseConfigurationReference = 2C7C3BA1E080C169FD152043 /* Pods-GHZxiangmuB.release.xcconfig */;
			buildSettings = {
				ASSETCATALOG_COMPILER_APPICON_NAME = AppIcon;
				ASSETCATALOG_COMPILER_LAUNCHIMAGE_NAME = LaunchImage;
				CODE_SIGN_IDENTITY = "iPhone Developer";
				FRAMEWORK_SEARCH_PATHS = (
					"$(inherited)",
					"$(PROJECT_DIR)",
					"$(PROJECT_DIR)/GHZxiangmuB/Classes",
				);
				INFOPLIST_FILE = GHZxiangmuB/Info.plist;
				IPHONEOS_DEPLOYMENT_TARGET = 8.0;
				LD_RUNPATH_SEARCH_PATHS = "$(inherited) @executable_path/Frameworks";
				LIBRARY_SEARCH_PATHS = (
					"$(inherited)",
					"$(PROJECT_DIR)/GHZxiangmuB/Classes/Lib/librtmp-iOS/lib",
					"$(PROJECT_DIR)/GHZxiangmuB/Classes/librtmp-iOS/lib",
					"$(PROJECT_DIR)/GHZxiangmuB/Classes/Lib/LiveVideoCoreSDK",
					"$(PROJECT_DIR)/GHZxiangmuB/Classes/Lib/EaseUI/EMUIKit/3rdparty/DeviceHelper/VoiceConvert/opencore-amrnb",
					"$(PROJECT_DIR)/GHZxiangmuB/Classes/Lib/EaseUI/EMUIKit/3rdparty/DeviceHelper/VoiceConvert/opencore-amrwb",
					"$(PROJECT_DIR)/IJKMediaFramework.framework",
				);
				PRODUCT_BUNDLE_IDENTIFIER = com.GHZxiangmuB;
				PRODUCT_NAME = "$(TARGET_NAME)";
				PROVISIONING_PROFILE = "05c836ed-0341-4623-a073-ad7b20859f9f";
				TARGETED_DEVICE_FAMILY = 1;
			};
			name = Release;
		};
/* End XCBuildConfiguration section */

/* Begin XCConfigurationList section */
		D686B3141D2DF27300648326 /* Build configuration list for PBXProject "GHZxiangmuB" */ = {
			isa = XCConfigurationList;
			buildConfigurations = (
				D686B32E1D2DF27300648326 /* Debug */,
				D686B32F1D2DF27300648326 /* Release */,
			);
			defaultConfigurationIsVisible = 0;
			defaultConfigurationName = Debug;
		};
		D686B3301D2DF27300648326 /* Build configuration list for PBXNativeTarget "GHZxiangmuB" */ = {
			isa = XCConfigurationList;
			buildConfigurations = (
				D686B3311D2DF27300648326 /* Debug */,
				D686B3321D2DF27300648326 /* Release */,
			);
			defaultConfigurationIsVisible = 0;
			defaultConfigurationName = Debug;
		};
/* End XCConfigurationList section */
	};
	rootObject = D686B3111D2DF27300648326 /* Project object */;
}
